
Microsoft Visual Studio Solution File, Format Version 12.00
# Visual Studio Version 17
VisualStudioVersion = 17.5.33209.295
MinimumVisualStudioVersion = 10.0.40219.1
Project("{2150E333-8FDC-42A3-9474-1A3956D46DE8}") = "Solution Items", "Solution Items", "{F09752D1-B79A-4BF6-8C41-BCE7D3D7BCFA}"
	ProjectSection(SolutionItems) = preProject
		.editorconfig = .editorconfig
		Directory.Build.props = Directory.Build.props
		LICENSE = LICENSE
		Readme.md = Readme.md
		.github\instructions\style.md = .github\instructions\style.md
	EndProjectSection
EndProject
Project("{9A19103F-16F7-4668-BE54-9A1E7A4F7556}") = "AD", "AD\AD.csproj", "{469E9B58-2F4F-46B5-A73B-E4850D0FC826}"
EndProject
Project("{9A19103F-16F7-4668-BE54-9A1E7A4F7556}") = "Blob", "Blob\Blob.csproj", "{33A96CDD-DCDC-4C83-B7E4-1F99E96BB79E}"
EndProject
Project("{9A19103F-16F7-4668-BE54-9A1E7A4F7556}") = "Catalog", "Catalog\Catalog.csproj", "{7E99B740-51A4-4D9E-9CF5-5B6C50E388ED}"
EndProject
Project("{9A19103F-16F7-4668-BE54-9A1E7A4F7556}") = "CmdletPS", "CmdletPS\CmdletPS.csproj", "{912B69E4-8056-42E8-864A-9F80E60FEB05}"
EndProject
Project("{9A19103F-16F7-4668-BE54-9A1E7A4F7556}") = "Command", "Command\Command.csproj", "{97B48594-4AE7-466C-8AB0-7915D1EAAB93}"
EndProject
Project("{9A19103F-16F7-4668-BE54-9A1E7A4F7556}") = "CoreCache", "CoreCache\CoreCache.csproj", "{A36DC807-EF10-43C1-B2F8-B72312D83019}"
EndProject
Project("{9A19103F-16F7-4668-BE54-9A1E7A4F7556}") = "DataConfigs", "DataConfigs\DataConfigs.csproj", "{E441C23E-66FD-4266-943D-7F85F3EE6CEC}"
EndProject
Project("{9A19103F-16F7-4668-BE54-9A1E7A4F7556}") = "DataControl", "DataControl\DataControl.csproj", "{65E1FB55-7E36-4566-B1B4-566516906527}"
EndProject
Project("{9A19103F-16F7-4668-BE54-9A1E7A4F7556}") = "DepotClients", "DepotClients\DepotClients.csproj", "{4E87A54E-8E61-47D7-8EDE-3DB3169574D9}"
EndProject
Project("{A07B5EB6-E848-4116-A8D0-A826331D98C6}") = "KusDepot.Act", "KusDepot.Act\KusDepot.Act.sfproj", "{931AA766-7FFB-4BDA-853E-F122EE35B15B}"
EndProject
Project("{A07B5EB6-E848-4116-A8D0-A826331D98C6}") = "KusDepot.Data", "KusDepot.Data\KusDepot.Data.sfproj", "{8395D061-19A2-4F31-8D81-C2C5D5759256}"
EndProject
Project("{7CF6DF6D-3B04-46F8-A40B-537D21BCA0B4}") = "KusDepot.Docs", "KusDepot.Docs\KusDepot.Docs.shfbproj", "{507558D4-0D0A-4361-98C8-4EF9473DDBC4}"
	ProjectSection(ProjectDependencies) = postProject
		{1E4F22FE-DC84-49EB-8ECE-4C021DF1F5FD} = {1E4F22FE-DC84-49EB-8ECE-4C021DF1F5FD}
		{4E87A54E-8E61-47D7-8EDE-3DB3169574D9} = {4E87A54E-8E61-47D7-8EDE-3DB3169574D9}
		{DE0A2139-4352-4561-ADB1-F05822A09227} = {DE0A2139-4352-4561-ADB1-F05822A09227}
	EndProjectSection
EndProject
Project("{9A19103F-16F7-4668-BE54-9A1E7A4F7556}") = "KusDepot.Exam", "KusDepot.Exam\KusDepot.Exam.csproj", "{52855B71-78AF-4B0C-A671-8843DC076FD2}"
EndProject
Project("{9A19103F-16F7-4668-BE54-9A1E7A4F7556}") = "KusDepot.Exams", "KusDepot.Exams\KusDepot.Exams.csproj", "{1140EF3D-9434-493E-AE17-5E115E5C8381}"
EndProject
Project("{9A19103F-16F7-4668-BE54-9A1E7A4F7556}") = "KusDepot.Fabrics", "KusDepot.Fabrics\KusDepot.Fabrics.csproj", "{1E4F22FE-DC84-49EB-8ECE-4C021DF1F5FD}"
EndProject
Project("{9A19103F-16F7-4668-BE54-9A1E7A4F7556}") = "KusDepot.Objects", "KusDepot.Objects\KusDepot.Objects.csproj", "{DE0A2139-4352-4561-ADB1-F05822A09227}"
EndProject
Project("{9A19103F-16F7-4668-BE54-9A1E7A4F7556}") = "KusDepot.ToolService", "KusDepot.ToolService\KusDepot.ToolService.csproj", "{C625EE83-C276-4655-9B32-236C0900DAB2}"
EndProject
Project("{9A19103F-16F7-4668-BE54-9A1E7A4F7556}") = "KusDepot.ToolServiceExam", "KusDepot.ToolServiceExam\KusDepot.ToolServiceExam.csproj", "{874DEBE9-4696-4860-BB3A-BEBF88989442}"
	ProjectSection(ProjectDependencies) = postProject
		{C625EE83-C276-4655-9B32-236C0900DAB2} = {C625EE83-C276-4655-9B32-236C0900DAB2}
	EndProjectSection
EndProject
Project("{A07B5EB6-E848-4116-A8D0-A826331D98C6}") = "KusDepot.ToolServiceFabric", "KusDepot.ToolServiceFabric\KusDepot.ToolServiceFabric.sfproj", "{D20E6933-A0C9-49C0-BEB3-3BFB37A47E54}"
EndProject
Project("{A07B5EB6-E848-4116-A8D0-A826331D98C6}") = "KusDepot.ToolServiceHost", "KusDepot.ToolServiceHost\KusDepot.ToolServiceHost.sfproj", "{0AA978D9-6EE0-415D-A419-8E736372A76E}"
	ProjectSection(ProjectDependencies) = postProject
		{C625EE83-C276-4655-9B32-236C0900DAB2} = {C625EE83-C276-4655-9B32-236C0900DAB2}
	EndProjectSection
EndProject
Project("{A07B5EB6-E848-4116-A8D0-A826331D98C6}") = "KusDepot.Weblzr", "KusDepot.Weblzr\KusDepot.Weblzr.sfproj", "{A3E4D8DC-BF32-4B2C-8D81-33B29BF0A6A3}"
EndProject
Project("{A07B5EB6-E848-4116-A8D0-A826331D98C6}") = "KustoEmulator", "KustoEmulator\KustoEmulator.sfproj", "{B6BCBFEF-63E8-4A16-961D-6828774EF360}"
EndProject
Project("{8BC9CEB8-8B4A-11D0-8D11-00A0C91BC942}") = "Labnativemix", "Labnativemix\Labnativemix.vcxproj", "{6D3B44DE-90D7-4329-82B3-392E0923B6FC}"
	ProjectSection(ProjectDependencies) = postProject
		{B545FCFB-D973-4A21-A8D4-9937F2FF8F23} = {B545FCFB-D973-4A21-A8D4-9937F2FF8F23}
	EndProjectSection
EndProject
Project("{9A19103F-16F7-4668-BE54-9A1E7A4F7556}") = "Laboratory", "Laboratory\Laboratory.csproj", "{1D743C8A-542D-4014-AA1B-A0E572BAC63D}"
EndProject
Project("{9A19103F-16F7-4668-BE54-9A1E7A4F7556}") = "Mgmt", "Mgmt\Mgmt.csproj", "{93752183-D414-4011-95A6-7DEDA2B4732A}"
EndProject
Project("{9A19103F-16F7-4668-BE54-9A1E7A4F7556}") = "Secure", "Secure\Secure.csproj", "{137AE6CA-69B8-43E2-B27C-1C9768E4A639}"
EndProject
Project("{9A19103F-16F7-4668-BE54-9A1E7A4F7556}") = "ToolActor", "ToolActor\ToolActor.csproj", "{79EABAE9-81B4-4336-8E14-AEC3334B492B}"
EndProject
Project("{9A19103F-16F7-4668-BE54-9A1E7A4F7556}") = "ToolFabric", "ToolFabric\ToolFabric.csproj", "{CE7FA774-4AF0-4FF9-BC0A-752F7A66648D}"
EndProject
Project("{8BC9CEB8-8B4A-11D0-8D11-00A0C91BC942}") = "ToolMixer", "ToolMixer\ToolMixer.vcxproj", "{B545FCFB-D973-4A21-A8D4-9937F2FF8F23}"
EndProject
Project("{9A19103F-16F7-4668-BE54-9A1E7A4F7556}") = "UnoTool", "UnoTool\UnoTool.csproj", "{95F55FEF-3923-40ED-8C4D-342660599589}"
EndProject
Project("{9A19103F-16F7-4668-BE54-9A1E7A4F7556}") = "Weblzr", "Weblzr\Weblzr.csproj", "{3E7149C9-BFDD-42E2-A1A2-603D17D55D41}"
EndProject
Project("{A07B5EB6-E848-4116-A8D0-A826331D98C6}") = "KusDepot.ToolWorkflow", "KusDepot.ToolWorkflow\KusDepot.ToolWorkflow.sfproj", "{B2BB8C1D-9636-48D0-8035-5BC8A6C9FFF3}"
EndProject
Project("{FAE04EC0-301F-11D3-BF4B-00C04F79EFBC}") = "ToolWork", "ToolWork\ToolWork.csproj", "{9C422B8C-D51F-495C-9141-F68DBE6993A0}"
EndProject
Project("{A07B5EB6-E848-4116-A8D0-A826331D98C6}") = "KusDepot.Dap", "KusDepot.Dap\KusDepot.Dap.sfproj", "{14F9473D-BB7C-426B-8E1F-9E90CA940774}"
EndProject
Project("{FAE04EC0-301F-11D3-BF4B-00C04F79EFBC}") = "DaprSidecar", "DaprSidecar\DaprSidecar.csproj", "{AD784EF1-081A-43C3-8C99-50D2DAE9C479}"
EndProject
Project("{FAE04EC0-301F-11D3-BF4B-00C04F79EFBC}") = "Labspace", "Labspace\Labspace.csproj", "{4A9AD5A1-18E6-43B9-9E3E-B9A24C9E6ADF}"
EndProject
Project("{FAE04EC0-301F-11D3-BF4B-00C04F79EFBC}") = "KusDepot.Onlines", "KusDepot.Onlines\KusDepot.Onlines.csproj", "{5653CD32-030F-42B3-8A65-FBD632F916B1}"
EndProject
Project("{FAE04EC0-301F-11D3-BF4B-00C04F79EFBC}") = "DaprActors", "DaprActors\DaprActors.csproj", "{88AB4A27-4C70-44D5-8281-F5509B12B699}"
EndProject
Project("{FAE04EC0-301F-11D3-BF4B-00C04F79EFBC}") = "Laboperator", "Laboperator\Laboperator.AppHost\Laboperator.csproj", "{E8139D69-BF93-49B7-BB28-83CF182CCE50}"
EndProject
Project("{FAE04EC0-301F-11D3-BF4B-00C04F79EFBC}") = "KusDepot.AIO", "KusDepot.AIO\KusDepot.AIO.csproj", "{37A5A90E-78F9-44CE-8B50-AE8907242F76}"
EndProject
Project("{A07B5EB6-E848-4116-A8D0-A826331D98C6}") = "KusDepot.Orleans", "KusDepot.Orleans\KusDepot.Orleans.sfproj", "{19C3CE9B-CE18-4CE5-A8B4-C0AF1BC12D0A}"
EndProject
Project("{FAE04EC0-301F-11D3-BF4B-00C04F79EFBC}") = "ToolGrains", "ToolGrains\ToolGrains.csproj", "{31F228A4-3CBC-401A-B0EC-2EB1CA7B6CA7}"
EndProject
Project("{FAE04EC0-301F-11D3-BF4B-00C04F79EFBC}") = "Labvoid", "Labvoid\Labvoid.csproj", "{B3563E1D-7EDB-45A6-9A76-C44AEBE96FD6}"
EndProject
Project("{FAE04EC0-301F-11D3-BF4B-00C04F79EFBC}") = "KusDepot.Packages", "KusDepot.Packages\KusDepot.Packages.csproj", "{EA954728-EC9E-4C18-890E-847BEA236209}"
EndProject
Project("{FAE04EC0-301F-11D3-BF4B-00C04F79EFBC}") = "Metal", "Metal\Metal.csproj", "{C9851806-92DF-447E-AAD7-67F67293862E}"
EndProject
Project("{FAE04EC0-301F-11D3-BF4B-00C04F79EFBC}") = "Reacts", "Reacts\Reacts.csproj", "{7DAD9810-923B-4647-95AE-DEA3DE8DDE37}"
EndProject
Project("{FAE04EC0-301F-11D3-BF4B-00C04F79EFBC}") = "WinViewsRT", "WinViewsRT\WinViewsRT\WinViewsRT.csproj", "{19D3E002-2ACD-5546-BCAB-6AE32BAC781F}"
EndProject
Project("{C7167F0D-BC9F-4E6E-AFE1-012C56B48DB5}") = "WinViewsRTX", "WinViewsRT\WinViewsRTX\WinViewsRTX.wapproj", "{D72BEEB0-E954-4122-9910-C3FF1B6709DE}"
EndProject
Project("{FAE04EC0-301F-11D3-BF4B-00C04F79EFBC}") = "ReactJ", "ReactJ\ReactJ.csproj", "{CB29A8FF-F035-BAED-17FB-5063A00ED850}"
EndProject
Project("{FAE04EC0-301F-11D3-BF4B-00C04F79EFBC}") = "ReactG", "ReactG\ReactG.csproj", "{FD325DE9-541A-DD6A-E374-511CD99A5EC6}"
EndProject
Project("{FAE04EC0-301F-11D3-BF4B-00C04F79EFBC}") = "ReactR", "ReactR\ReactR.csproj", "{C204A4F5-0080-206A-6489-8C8A9075B81A}"
EndProject
Project("{FAE04EC0-301F-11D3-BF4B-00C04F79EFBC}") = "ReactL", "ReactL\ReactL.AppHost\ReactL.csproj", "{278788EF-9C77-AA29-1EFE-2C639F9D3F24}"
EndProject
Project("{FAE04EC0-301F-11D3-BF4B-00C04F79EFBC}") = "ReactP", "ReactP\ReactP.csproj", "{A114B6C1-D37E-3F76-4C89-13CC54946A65}"
EndProject
Project("{FAE04EC0-301F-11D3-BF4B-00C04F79EFBC}") = "ReactN", "ReactN\ReactN.csproj", "{3F76B43C-A832-E0F7-57F1-E542BBEA593D}"
EndProject
Project("{F2A71F9B-5D33-465A-A702-920D77279786}") = "ReactF", "ReactF\ReactF.fsproj", "{8F413173-AA83-4E86-BE80-962C9502D8C9}"
EndProject
Project("{FAE04EC0-301F-11D3-BF4B-00C04F79EFBC}") = "LabX02", "LabX02\LabX02.csproj", "{D54C6A9E-3208-BCB9-91CB-83BA63C0AE98}"
EndProject
Project("{FAE04EC0-301F-11D3-BF4B-00C04F79EFBC}") = "KusDepot.SourceGen", "KusDepot.SourceGen\KusDepot.SourceGen.csproj", "{F2C0E8F1-F56B-5233-0FFD-8D0D900A610E}"
EndProject
Project("{FAE04EC0-301F-11D3-BF4B-00C04F79EFBC}") = "KusDepot.CMD", "KusDepot.CMD\KusDepot.CMD.csproj", "{0EFC0070-C353-5C63-6C02-99AA8C01F88A}"
EndProject
Project("{FAE04EC0-301F-11D3-BF4B-00C04F79EFBC}") = "CatalogDB", "CatalogDB\CatalogDB.csproj", "{88AD6246-6A4D-4F1E-A8D1-139B319CE3BB}"
EndProject
Project("{FAE04EC0-301F-11D3-BF4B-00C04F79EFBC}") = "KusDepot.Services", "KusDepot.Services\KusDepot.Services.csproj", "{015657E2-327B-0E73-16C5-EBDFD0CDAE56}"
EndProject
Global
	GlobalSection(SolutionConfigurationPlatforms) = preSolution
		Debug|Any CPU = Debug|Any CPU
		Debug|ARM64 = Debug|ARM64
		Debug|x64 = Debug|x64
		Debug|x86 = Debug|x86
		Release|Any CPU = Release|Any CPU
		Release|ARM64 = Release|ARM64
		Release|x64 = Release|x64
		Release|x86 = Release|x86
	EndGlobalSection
	GlobalSection(ProjectConfigurationPlatforms) = postSolution
		{469E9B58-2F4F-46B5-A73B-E4850D0FC826}.Debug|Any CPU.ActiveCfg = Debug|Any CPU
		{469E9B58-2F4F-46B5-A73B-E4850D0FC826}.Debug|Any CPU.Build.0 = Debug|Any CPU
		{469E9B58-2F4F-46B5-A73B-E4850D0FC826}.Debug|ARM64.ActiveCfg = Debug|Any CPU
		{469E9B58-2F4F-46B5-A73B-E4850D0FC826}.Debug|ARM64.Build.0 = Debug|Any CPU
		{469E9B58-2F4F-46B5-A73B-E4850D0FC826}.Debug|x64.ActiveCfg = Debug|Any CPU
		{469E9B58-2F4F-46B5-A73B-E4850D0FC826}.Debug|x86.ActiveCfg = Debug|Any CPU
		{469E9B58-2F4F-46B5-A73B-E4850D0FC826}.Release|Any CPU.ActiveCfg = Release|Any CPU
		{469E9B58-2F4F-46B5-A73B-E4850D0FC826}.Release|Any CPU.Build.0 = Release|Any CPU
		{469E9B58-2F4F-46B5-A73B-E4850D0FC826}.Release|ARM64.ActiveCfg = Release|Any CPU
		{469E9B58-2F4F-46B5-A73B-E4850D0FC826}.Release|ARM64.Build.0 = Release|Any CPU
		{469E9B58-2F4F-46B5-A73B-E4850D0FC826}.Release|x64.ActiveCfg = Release|Any CPU
		{469E9B58-2F4F-46B5-A73B-E4850D0FC826}.Release|x86.ActiveCfg = Release|Any CPU
		{469E9B58-2F4F-46B5-A73B-E4850D0FC826}.Release|x86.Build.0 = Release|Any CPU
		{33A96CDD-DCDC-4C83-B7E4-1F99E96BB79E}.Debug|Any CPU.ActiveCfg = Debug|x64
		{33A96CDD-DCDC-4C83-B7E4-1F99E96BB79E}.Debug|Any CPU.Build.0 = Debug|x64
		{33A96CDD-DCDC-4C83-B7E4-1F99E96BB79E}.Debug|ARM64.ActiveCfg = Debug|x64
		{33A96CDD-DCDC-4C83-B7E4-1F99E96BB79E}.Debug|ARM64.Build.0 = Debug|x64
		{33A96CDD-DCDC-4C83-B7E4-1F99E96BB79E}.Debug|x64.ActiveCfg = Debug|x64
		{33A96CDD-DCDC-4C83-B7E4-1F99E96BB79E}.Debug|x86.ActiveCfg = Debug|x64
		{33A96CDD-DCDC-4C83-B7E4-1F99E96BB79E}.Release|Any CPU.ActiveCfg = Release|x64
		{33A96CDD-DCDC-4C83-B7E4-1F99E96BB79E}.Release|Any CPU.Build.0 = Release|x64
		{33A96CDD-DCDC-4C83-B7E4-1F99E96BB79E}.Release|ARM64.ActiveCfg = Release|x64
		{33A96CDD-DCDC-4C83-B7E4-1F99E96BB79E}.Release|ARM64.Build.0 = Release|x64
		{33A96CDD-DCDC-4C83-B7E4-1F99E96BB79E}.Release|x64.ActiveCfg = Release|x64
		{33A96CDD-DCDC-4C83-B7E4-1F99E96BB79E}.Release|x86.ActiveCfg = Release|x64
		{33A96CDD-DCDC-4C83-B7E4-1F99E96BB79E}.Release|x86.Build.0 = Release|x64
		{7E99B740-51A4-4D9E-9CF5-5B6C50E388ED}.Debug|Any CPU.ActiveCfg = Debug|x64
		{7E99B740-51A4-4D9E-9CF5-5B6C50E388ED}.Debug|Any CPU.Build.0 = Debug|x64
		{7E99B740-51A4-4D9E-9CF5-5B6C50E388ED}.Debug|ARM64.ActiveCfg = Debug|x64
		{7E99B740-51A4-4D9E-9CF5-5B6C50E388ED}.Debug|ARM64.Build.0 = Debug|x64
		{7E99B740-51A4-4D9E-9CF5-5B6C50E388ED}.Debug|x64.ActiveCfg = Debug|x64
		{7E99B740-51A4-4D9E-9CF5-5B6C50E388ED}.Debug|x86.ActiveCfg = Debug|x64
		{7E99B740-51A4-4D9E-9CF5-5B6C50E388ED}.Release|Any CPU.ActiveCfg = Release|x64
		{7E99B740-51A4-4D9E-9CF5-5B6C50E388ED}.Release|Any CPU.Build.0 = Release|x64
		{7E99B740-51A4-4D9E-9CF5-5B6C50E388ED}.Release|ARM64.ActiveCfg = Release|x64
		{7E99B740-51A4-4D9E-9CF5-5B6C50E388ED}.Release|ARM64.Build.0 = Release|x64
		{7E99B740-51A4-4D9E-9CF5-5B6C50E388ED}.Release|x64.ActiveCfg = Release|x64
		{7E99B740-51A4-4D9E-9CF5-5B6C50E388ED}.Release|x86.ActiveCfg = Release|x64
		{7E99B740-51A4-4D9E-9CF5-5B6C50E388ED}.Release|x86.Build.0 = Release|x64
		{912B69E4-8056-42E8-864A-9F80E60FEB05}.Debug|Any CPU.ActiveCfg = Debug|Any CPU
		{912B69E4-8056-42E8-864A-9F80E60FEB05}.Debug|Any CPU.Build.0 = Debug|Any CPU
		{912B69E4-8056-42E8-864A-9F80E60FEB05}.Debug|ARM64.ActiveCfg = Debug|Any CPU
		{912B69E4-8056-42E8-864A-9F80E60FEB05}.Debug|ARM64.Build.0 = Debug|Any CPU
		{912B69E4-8056-42E8-864A-9F80E60FEB05}.Debug|x64.ActiveCfg = Release|Any CPU
		{912B69E4-8056-42E8-864A-9F80E60FEB05}.Debug|x86.ActiveCfg = Debug|Any CPU
		{912B69E4-8056-42E8-864A-9F80E60FEB05}.Release|Any CPU.ActiveCfg = Release|Any CPU
		{912B69E4-8056-42E8-864A-9F80E60FEB05}.Release|Any CPU.Build.0 = Release|Any CPU
		{912B69E4-8056-42E8-864A-9F80E60FEB05}.Release|ARM64.ActiveCfg = Release|Any CPU
		{912B69E4-8056-42E8-864A-9F80E60FEB05}.Release|ARM64.Build.0 = Release|Any CPU
		{912B69E4-8056-42E8-864A-9F80E60FEB05}.Release|x64.ActiveCfg = Release|Any CPU
		{912B69E4-8056-42E8-864A-9F80E60FEB05}.Release|x86.ActiveCfg = Release|Any CPU
		{912B69E4-8056-42E8-864A-9F80E60FEB05}.Release|x86.Build.0 = Release|Any CPU
		{97B48594-4AE7-466C-8AB0-7915D1EAAB93}.Debug|Any CPU.ActiveCfg = Debug|x64
		{97B48594-4AE7-466C-8AB0-7915D1EAAB93}.Debug|Any CPU.Build.0 = Debug|x64
		{97B48594-4AE7-466C-8AB0-7915D1EAAB93}.Debug|ARM64.ActiveCfg = Debug|x64
		{97B48594-4AE7-466C-8AB0-7915D1EAAB93}.Debug|ARM64.Build.0 = Debug|x64
		{97B48594-4AE7-466C-8AB0-7915D1EAAB93}.Debug|x64.ActiveCfg = Release|x64
		{97B48594-4AE7-466C-8AB0-7915D1EAAB93}.Debug|x86.ActiveCfg = Debug|x64
		{97B48594-4AE7-466C-8AB0-7915D1EAAB93}.Release|Any CPU.ActiveCfg = Release|x64
		{97B48594-4AE7-466C-8AB0-7915D1EAAB93}.Release|Any CPU.Build.0 = Release|x64
		{97B48594-4AE7-466C-8AB0-7915D1EAAB93}.Release|ARM64.ActiveCfg = Release|x64
		{97B48594-4AE7-466C-8AB0-7915D1EAAB93}.Release|ARM64.Build.0 = Release|x64
		{97B48594-4AE7-466C-8AB0-7915D1EAAB93}.Release|x64.ActiveCfg = Release|x64
		{97B48594-4AE7-466C-8AB0-7915D1EAAB93}.Release|x86.ActiveCfg = Release|x64
		{97B48594-4AE7-466C-8AB0-7915D1EAAB93}.Release|x86.Build.0 = Release|x64
		{A36DC807-EF10-43C1-B2F8-B72312D83019}.Debug|Any CPU.ActiveCfg = Debug|x64
		{A36DC807-EF10-43C1-B2F8-B72312D83019}.Debug|Any CPU.Build.0 = Debug|x64
		{A36DC807-EF10-43C1-B2F8-B72312D83019}.Debug|ARM64.ActiveCfg = Debug|x64
		{A36DC807-EF10-43C1-B2F8-B72312D83019}.Debug|ARM64.Build.0 = Debug|x64
		{A36DC807-EF10-43C1-B2F8-B72312D83019}.Debug|x64.ActiveCfg = Debug|x64
		{A36DC807-EF10-43C1-B2F8-B72312D83019}.Debug|x86.ActiveCfg = Debug|x64
		{A36DC807-EF10-43C1-B2F8-B72312D83019}.Release|Any CPU.ActiveCfg = Release|x64
		{A36DC807-EF10-43C1-B2F8-B72312D83019}.Release|Any CPU.Build.0 = Release|x64
		{A36DC807-EF10-43C1-B2F8-B72312D83019}.Release|ARM64.ActiveCfg = Release|x64
		{A36DC807-EF10-43C1-B2F8-B72312D83019}.Release|ARM64.Build.0 = Release|x64
		{A36DC807-EF10-43C1-B2F8-B72312D83019}.Release|x64.ActiveCfg = Release|x64
		{A36DC807-EF10-43C1-B2F8-B72312D83019}.Release|x86.ActiveCfg = Release|x64
		{A36DC807-EF10-43C1-B2F8-B72312D83019}.Release|x86.Build.0 = Release|x64
		{E441C23E-66FD-4266-943D-7F85F3EE6CEC}.Debug|Any CPU.ActiveCfg = Debug|x64
		{E441C23E-66FD-4266-943D-7F85F3EE6CEC}.Debug|Any CPU.Build.0 = Debug|x64
		{E441C23E-66FD-4266-943D-7F85F3EE6CEC}.Debug|ARM64.ActiveCfg = Debug|x64
		{E441C23E-66FD-4266-943D-7F85F3EE6CEC}.Debug|ARM64.Build.0 = Debug|x64
		{E441C23E-66FD-4266-943D-7F85F3EE6CEC}.Debug|x64.ActiveCfg = Debug|x64
		{E441C23E-66FD-4266-943D-7F85F3EE6CEC}.Debug|x86.ActiveCfg = Debug|x64
		{E441C23E-66FD-4266-943D-7F85F3EE6CEC}.Release|Any CPU.ActiveCfg = Release|x64
		{E441C23E-66FD-4266-943D-7F85F3EE6CEC}.Release|Any CPU.Build.0 = Release|x64
		{E441C23E-66FD-4266-943D-7F85F3EE6CEC}.Release|ARM64.ActiveCfg = Release|x64
		{E441C23E-66FD-4266-943D-7F85F3EE6CEC}.Release|ARM64.Build.0 = Release|x64
		{E441C23E-66FD-4266-943D-7F85F3EE6CEC}.Release|x64.ActiveCfg = Release|x64
		{E441C23E-66FD-4266-943D-7F85F3EE6CEC}.Release|x86.ActiveCfg = Release|x64
		{E441C23E-66FD-4266-943D-7F85F3EE6CEC}.Release|x86.Build.0 = Release|x64
		{65E1FB55-7E36-4566-B1B4-566516906527}.Debug|Any CPU.ActiveCfg = Debug|x64
		{65E1FB55-7E36-4566-B1B4-566516906527}.Debug|Any CPU.Build.0 = Debug|x64
		{65E1FB55-7E36-4566-B1B4-566516906527}.Debug|ARM64.ActiveCfg = Debug|x64
		{65E1FB55-7E36-4566-B1B4-566516906527}.Debug|ARM64.Build.0 = Debug|x64
		{65E1FB55-7E36-4566-B1B4-566516906527}.Debug|x64.ActiveCfg = Debug|x64
		{65E1FB55-7E36-4566-B1B4-566516906527}.Debug|x86.ActiveCfg = Debug|x64
		{65E1FB55-7E36-4566-B1B4-566516906527}.Release|Any CPU.ActiveCfg = Release|x64
		{65E1FB55-7E36-4566-B1B4-566516906527}.Release|Any CPU.Build.0 = Release|x64
		{65E1FB55-7E36-4566-B1B4-566516906527}.Release|ARM64.ActiveCfg = Release|x64
		{65E1FB55-7E36-4566-B1B4-566516906527}.Release|ARM64.Build.0 = Release|x64
		{65E1FB55-7E36-4566-B1B4-566516906527}.Release|x64.ActiveCfg = Release|x64
		{65E1FB55-7E36-4566-B1B4-566516906527}.Release|x86.ActiveCfg = Release|x64
		{65E1FB55-7E36-4566-B1B4-566516906527}.Release|x86.Build.0 = Release|x64
		{4E87A54E-8E61-47D7-8EDE-3DB3169574D9}.Debug|Any CPU.ActiveCfg = Debug|Any CPU
		{4E87A54E-8E61-47D7-8EDE-3DB3169574D9}.Debug|Any CPU.Build.0 = Debug|Any CPU
		{4E87A54E-8E61-47D7-8EDE-3DB3169574D9}.Debug|ARM64.ActiveCfg = Debug|Any CPU
		{4E87A54E-8E61-47D7-8EDE-3DB3169574D9}.Debug|ARM64.Build.0 = Debug|Any CPU
		{4E87A54E-8E61-47D7-8EDE-3DB3169574D9}.Debug|x64.ActiveCfg = Debug|Any CPU
		{4E87A54E-8E61-47D7-8EDE-3DB3169574D9}.Debug|x86.ActiveCfg = Debug|Any CPU
		{4E87A54E-8E61-47D7-8EDE-3DB3169574D9}.Release|Any CPU.ActiveCfg = Release|Any CPU
		{4E87A54E-8E61-47D7-8EDE-3DB3169574D9}.Release|Any CPU.Build.0 = Release|Any CPU
		{4E87A54E-8E61-47D7-8EDE-3DB3169574D9}.Release|ARM64.ActiveCfg = Release|Any CPU
		{4E87A54E-8E61-47D7-8EDE-3DB3169574D9}.Release|ARM64.Build.0 = Release|Any CPU
		{4E87A54E-8E61-47D7-8EDE-3DB3169574D9}.Release|x64.ActiveCfg = Release|Any CPU
		{4E87A54E-8E61-47D7-8EDE-3DB3169574D9}.Release|x86.ActiveCfg = Release|Any CPU
		{4E87A54E-8E61-47D7-8EDE-3DB3169574D9}.Release|x86.Build.0 = Release|Any CPU
		{931AA766-7FFB-4BDA-853E-F122EE35B15B}.Debug|Any CPU.ActiveCfg = Debug|x64
		{931AA766-7FFB-4BDA-853E-F122EE35B15B}.Debug|Any CPU.Build.0 = Debug|x64
		{931AA766-7FFB-4BDA-853E-F122EE35B15B}.Debug|Any CPU.Deploy.0 = Debug|x64
		{931AA766-7FFB-4BDA-853E-F122EE35B15B}.Debug|ARM64.ActiveCfg = Debug|x64
		{931AA766-7FFB-4BDA-853E-F122EE35B15B}.Debug|ARM64.Build.0 = Debug|x64
		{931AA766-7FFB-4BDA-853E-F122EE35B15B}.Debug|ARM64.Deploy.0 = Debug|x64
		{931AA766-7FFB-4BDA-853E-F122EE35B15B}.Debug|x64.ActiveCfg = Debug|x64
		{931AA766-7FFB-4BDA-853E-F122EE35B15B}.Debug|x86.ActiveCfg = Debug|x64
		{931AA766-7FFB-4BDA-853E-F122EE35B15B}.Release|Any CPU.ActiveCfg = Release|x64
		{931AA766-7FFB-4BDA-853E-F122EE35B15B}.Release|Any CPU.Build.0 = Release|x64
		{931AA766-7FFB-4BDA-853E-F122EE35B15B}.Release|Any CPU.Deploy.0 = Release|x64
		{931AA766-7FFB-4BDA-853E-F122EE35B15B}.Release|ARM64.ActiveCfg = Release|x64
		{931AA766-7FFB-4BDA-853E-F122EE35B15B}.Release|ARM64.Build.0 = Release|x64
		{931AA766-7FFB-4BDA-853E-F122EE35B15B}.Release|ARM64.Deploy.0 = Release|x64
		{931AA766-7FFB-4BDA-853E-F122EE35B15B}.Release|x64.ActiveCfg = Release|x64
		{931AA766-7FFB-4BDA-853E-F122EE35B15B}.Release|x86.ActiveCfg = Release|x64
		{931AA766-7FFB-4BDA-853E-F122EE35B15B}.Release|x86.Build.0 = Release|x64
		{931AA766-7FFB-4BDA-853E-F122EE35B15B}.Release|x86.Deploy.0 = Release|x64
		{8395D061-19A2-4F31-8D81-C2C5D5759256}.Debug|Any CPU.ActiveCfg = Debug|x64
		{8395D061-19A2-4F31-8D81-C2C5D5759256}.Debug|Any CPU.Build.0 = Debug|x64
		{8395D061-19A2-4F31-8D81-C2C5D5759256}.Debug|Any CPU.Deploy.0 = Debug|x64
		{8395D061-19A2-4F31-8D81-C2C5D5759256}.Debug|ARM64.ActiveCfg = Debug|x64
		{8395D061-19A2-4F31-8D81-C2C5D5759256}.Debug|ARM64.Build.0 = Debug|x64
		{8395D061-19A2-4F31-8D81-C2C5D5759256}.Debug|ARM64.Deploy.0 = Debug|x64
		{8395D061-19A2-4F31-8D81-C2C5D5759256}.Debug|x64.ActiveCfg = Debug|x64
		{8395D061-19A2-4F31-8D81-C2C5D5759256}.Debug|x86.ActiveCfg = Debug|x64
		{8395D061-19A2-4F31-8D81-C2C5D5759256}.Release|Any CPU.ActiveCfg = Release|x64
		{8395D061-19A2-4F31-8D81-C2C5D5759256}.Release|Any CPU.Build.0 = Release|x64
		{8395D061-19A2-4F31-8D81-C2C5D5759256}.Release|Any CPU.Deploy.0 = Release|x64
		{8395D061-19A2-4F31-8D81-C2C5D5759256}.Release|ARM64.ActiveCfg = Release|x64
		{8395D061-19A2-4F31-8D81-C2C5D5759256}.Release|ARM64.Build.0 = Release|x64
		{8395D061-19A2-4F31-8D81-C2C5D5759256}.Release|ARM64.Deploy.0 = Release|x64
		{8395D061-19A2-4F31-8D81-C2C5D5759256}.Release|x64.ActiveCfg = Release|x64
		{8395D061-19A2-4F31-8D81-C2C5D5759256}.Release|x86.ActiveCfg = Release|x64
		{8395D061-19A2-4F31-8D81-C2C5D5759256}.Release|x86.Build.0 = Release|x64
		{8395D061-19A2-4F31-8D81-C2C5D5759256}.Release|x86.Deploy.0 = Release|x64
		{507558D4-0D0A-4361-98C8-4EF9473DDBC4}.Debug|Any CPU.ActiveCfg = Debug|Any CPU
		{507558D4-0D0A-4361-98C8-4EF9473DDBC4}.Debug|Any CPU.Build.0 = Debug|Any CPU
		{507558D4-0D0A-4361-98C8-4EF9473DDBC4}.Debug|ARM64.ActiveCfg = Debug|Any CPU
		{507558D4-0D0A-4361-98C8-4EF9473DDBC4}.Debug|ARM64.Build.0 = Debug|Any CPU
		{507558D4-0D0A-4361-98C8-4EF9473DDBC4}.Debug|x64.ActiveCfg = Debug|Any CPU
		{507558D4-0D0A-4361-98C8-4EF9473DDBC4}.Debug|x86.ActiveCfg = Debug|Any CPU
		{507558D4-0D0A-4361-98C8-4EF9473DDBC4}.Release|Any CPU.ActiveCfg = Release|Any CPU
		{507558D4-0D0A-4361-98C8-4EF9473DDBC4}.Release|Any CPU.Build.0 = Release|Any CPU
		{507558D4-0D0A-4361-98C8-4EF9473DDBC4}.Release|ARM64.ActiveCfg = Release|Any CPU
		{507558D4-0D0A-4361-98C8-4EF9473DDBC4}.Release|ARM64.Build.0 = Release|Any CPU
		{507558D4-0D0A-4361-98C8-4EF9473DDBC4}.Release|x64.ActiveCfg = Release|Any CPU
		{507558D4-0D0A-4361-98C8-4EF9473DDBC4}.Release|x86.ActiveCfg = Release|Any CPU
		{507558D4-0D0A-4361-98C8-4EF9473DDBC4}.Release|x86.Build.0 = Release|Any CPU
		{52855B71-78AF-4B0C-A671-8843DC076FD2}.Debug|Any CPU.ActiveCfg = Debug|x64
		{52855B71-78AF-4B0C-A671-8843DC076FD2}.Debug|Any CPU.Build.0 = Debug|x64
		{52855B71-78AF-4B0C-A671-8843DC076FD2}.Debug|ARM64.ActiveCfg = Debug|x64
		{52855B71-78AF-4B0C-A671-8843DC076FD2}.Debug|ARM64.Build.0 = Debug|x64
		{52855B71-78AF-4B0C-A671-8843DC076FD2}.Debug|x64.ActiveCfg = Debug|x64
		{52855B71-78AF-4B0C-A671-8843DC076FD2}.Debug|x86.ActiveCfg = Debug|x64
		{52855B71-78AF-4B0C-A671-8843DC076FD2}.Release|Any CPU.ActiveCfg = Release|x64
		{52855B71-78AF-4B0C-A671-8843DC076FD2}.Release|Any CPU.Build.0 = Release|x64
		{52855B71-78AF-4B0C-A671-8843DC076FD2}.Release|ARM64.ActiveCfg = Release|x64
		{52855B71-78AF-4B0C-A671-8843DC076FD2}.Release|ARM64.Build.0 = Release|x64
		{52855B71-78AF-4B0C-A671-8843DC076FD2}.Release|x64.ActiveCfg = Release|x64
		{52855B71-78AF-4B0C-A671-8843DC076FD2}.Release|x86.ActiveCfg = Release|x64
		{52855B71-78AF-4B0C-A671-8843DC076FD2}.Release|x86.Build.0 = Release|x64
		{1140EF3D-9434-493E-AE17-5E115E5C8381}.Debug|Any CPU.ActiveCfg = Debug|x64
		{1140EF3D-9434-493E-AE17-5E115E5C8381}.Debug|Any CPU.Build.0 = Debug|x64
		{1140EF3D-9434-493E-AE17-5E115E5C8381}.Debug|ARM64.ActiveCfg = Debug|x64
		{1140EF3D-9434-493E-AE17-5E115E5C8381}.Debug|ARM64.Build.0 = Debug|x64
		{1140EF3D-9434-493E-AE17-5E115E5C8381}.Debug|x64.ActiveCfg = Debug|x64
		{1140EF3D-9434-493E-AE17-5E115E5C8381}.Debug|x86.ActiveCfg = Debug|x64
		{1140EF3D-9434-493E-AE17-5E115E5C8381}.Debug|x86.Build.0 = Debug|x64
		{1140EF3D-9434-493E-AE17-5E115E5C8381}.Release|Any CPU.ActiveCfg = Release|x64
		{1140EF3D-9434-493E-AE17-5E115E5C8381}.Release|Any CPU.Build.0 = Release|x64
		{1140EF3D-9434-493E-AE17-5E115E5C8381}.Release|ARM64.ActiveCfg = Release|x64
		{1140EF3D-9434-493E-AE17-5E115E5C8381}.Release|ARM64.Build.0 = Release|x64
		{1140EF3D-9434-493E-AE17-5E115E5C8381}.Release|x64.ActiveCfg = Release|x64
		{1140EF3D-9434-493E-AE17-5E115E5C8381}.Release|x86.ActiveCfg = Release|x64
		{1140EF3D-9434-493E-AE17-5E115E5C8381}.Release|x86.Build.0 = Release|x64
		{1E4F22FE-DC84-49EB-8ECE-4C021DF1F5FD}.Debug|Any CPU.ActiveCfg = Debug|x64
		{1E4F22FE-DC84-49EB-8ECE-4C021DF1F5FD}.Debug|Any CPU.Build.0 = Debug|x64
		{1E4F22FE-DC84-49EB-8ECE-4C021DF1F5FD}.Debug|ARM64.ActiveCfg = Debug|x64
		{1E4F22FE-DC84-49EB-8ECE-4C021DF1F5FD}.Debug|ARM64.Build.0 = Debug|x64
		{1E4F22FE-DC84-49EB-8ECE-4C021DF1F5FD}.Debug|x64.ActiveCfg = Debug|Any CPU
		{1E4F22FE-DC84-49EB-8ECE-4C021DF1F5FD}.Debug|x86.ActiveCfg = Debug|x64
		{1E4F22FE-DC84-49EB-8ECE-4C021DF1F5FD}.Debug|x86.Build.0 = Debug|x64
		{1E4F22FE-DC84-49EB-8ECE-4C021DF1F5FD}.Release|Any CPU.ActiveCfg = Release|x64
		{1E4F22FE-DC84-49EB-8ECE-4C021DF1F5FD}.Release|Any CPU.Build.0 = Release|x64
		{1E4F22FE-DC84-49EB-8ECE-4C021DF1F5FD}.Release|ARM64.ActiveCfg = Release|x64
		{1E4F22FE-DC84-49EB-8ECE-4C021DF1F5FD}.Release|ARM64.Build.0 = Release|x64
		{1E4F22FE-DC84-49EB-8ECE-4C021DF1F5FD}.Release|x64.ActiveCfg = Release|Any CPU
		{1E4F22FE-DC84-49EB-8ECE-4C021DF1F5FD}.Release|x86.ActiveCfg = Release|x64
		{1E4F22FE-DC84-49EB-8ECE-4C021DF1F5FD}.Release|x86.Build.0 = Release|x64
		{DE0A2139-4352-4561-ADB1-F05822A09227}.Debug|Any CPU.ActiveCfg = Debug|Any CPU
		{DE0A2139-4352-4561-ADB1-F05822A09227}.Debug|Any CPU.Build.0 = Debug|Any CPU
		{DE0A2139-4352-4561-ADB1-F05822A09227}.Debug|ARM64.ActiveCfg = Debug|Any CPU
		{DE0A2139-4352-4561-ADB1-F05822A09227}.Debug|ARM64.Build.0 = Debug|Any CPU
		{DE0A2139-4352-4561-ADB1-F05822A09227}.Debug|x64.ActiveCfg = Debug|Any CPU
		{DE0A2139-4352-4561-ADB1-F05822A09227}.Debug|x86.ActiveCfg = Debug|Any CPU
		{DE0A2139-4352-4561-ADB1-F05822A09227}.Debug|x86.Build.0 = Debug|Any CPU
		{DE0A2139-4352-4561-ADB1-F05822A09227}.Release|Any CPU.ActiveCfg = Release|Any CPU
		{DE0A2139-4352-4561-ADB1-F05822A09227}.Release|Any CPU.Build.0 = Release|Any CPU
		{DE0A2139-4352-4561-ADB1-F05822A09227}.Release|ARM64.ActiveCfg = Release|Any CPU
		{DE0A2139-4352-4561-ADB1-F05822A09227}.Release|ARM64.Build.0 = Release|Any CPU
		{DE0A2139-4352-4561-ADB1-F05822A09227}.Release|x64.ActiveCfg = Release|Any CPU
		{DE0A2139-4352-4561-ADB1-F05822A09227}.Release|x86.ActiveCfg = Release|Any CPU
		{DE0A2139-4352-4561-ADB1-F05822A09227}.Release|x86.Build.0 = Release|Any CPU
		{C625EE83-C276-4655-9B32-236C0900DAB2}.Debug|Any CPU.ActiveCfg = Debug|x64
		{C625EE83-C276-4655-9B32-236C0900DAB2}.Debug|Any CPU.Build.0 = Debug|x64
		{C625EE83-C276-4655-9B32-236C0900DAB2}.Debug|ARM64.ActiveCfg = Debug|x64
		{C625EE83-C276-4655-9B32-236C0900DAB2}.Debug|ARM64.Build.0 = Debug|x64
		{C625EE83-C276-4655-9B32-236C0900DAB2}.Debug|x64.ActiveCfg = Debug|x64
		{C625EE83-C276-4655-9B32-236C0900DAB2}.Debug|x86.ActiveCfg = Debug|x64
		{C625EE83-C276-4655-9B32-236C0900DAB2}.Release|Any CPU.ActiveCfg = Release|x64
		{C625EE83-C276-4655-9B32-236C0900DAB2}.Release|Any CPU.Build.0 = Release|x64
		{C625EE83-C276-4655-9B32-236C0900DAB2}.Release|ARM64.ActiveCfg = Release|x64
		{C625EE83-C276-4655-9B32-236C0900DAB2}.Release|ARM64.Build.0 = Release|x64
		{C625EE83-C276-4655-9B32-236C0900DAB2}.Release|x64.ActiveCfg = Release|x64
		{C625EE83-C276-4655-9B32-236C0900DAB2}.Release|x86.ActiveCfg = Release|x64
		{C625EE83-C276-4655-9B32-236C0900DAB2}.Release|x86.Build.0 = Release|x64
		{874DEBE9-4696-4860-BB3A-BEBF88989442}.Debug|Any CPU.ActiveCfg = Debug|x64
		{874DEBE9-4696-4860-BB3A-BEBF88989442}.Debug|Any CPU.Build.0 = Debug|x64
		{874DEBE9-4696-4860-BB3A-BEBF88989442}.Debug|ARM64.ActiveCfg = Debug|x64
		{874DEBE9-4696-4860-BB3A-BEBF88989442}.Debug|ARM64.Build.0 = Debug|x64
		{874DEBE9-4696-4860-BB3A-BEBF88989442}.Debug|x64.ActiveCfg = Debug|x64
		{874DEBE9-4696-4860-BB3A-BEBF88989442}.Debug|x86.ActiveCfg = Debug|x64
		{874DEBE9-4696-4860-BB3A-BEBF88989442}.Release|Any CPU.ActiveCfg = Release|x64
		{874DEBE9-4696-4860-BB3A-BEBF88989442}.Release|Any CPU.Build.0 = Release|x64
		{874DEBE9-4696-4860-BB3A-BEBF88989442}.Release|ARM64.ActiveCfg = Release|x64
		{874DEBE9-4696-4860-BB3A-BEBF88989442}.Release|ARM64.Build.0 = Release|x64
		{874DEBE9-4696-4860-BB3A-BEBF88989442}.Release|x64.ActiveCfg = Release|x64
		{874DEBE9-4696-4860-BB3A-BEBF88989442}.Release|x86.ActiveCfg = Release|x64
		{874DEBE9-4696-4860-BB3A-BEBF88989442}.Release|x86.Build.0 = Release|x64
		{D20E6933-A0C9-49C0-BEB3-3BFB37A47E54}.Debug|Any CPU.ActiveCfg = Debug|x64
		{D20E6933-A0C9-49C0-BEB3-3BFB37A47E54}.Debug|Any CPU.Build.0 = Debug|x64
		{D20E6933-A0C9-49C0-BEB3-3BFB37A47E54}.Debug|Any CPU.Deploy.0 = Debug|x64
		{D20E6933-A0C9-49C0-BEB3-3BFB37A47E54}.Debug|ARM64.ActiveCfg = Debug|x64
		{D20E6933-A0C9-49C0-BEB3-3BFB37A47E54}.Debug|ARM64.Build.0 = Debug|x64
		{D20E6933-A0C9-49C0-BEB3-3BFB37A47E54}.Debug|ARM64.Deploy.0 = Debug|x64
		{D20E6933-A0C9-49C0-BEB3-3BFB37A47E54}.Debug|x64.ActiveCfg = Debug|x64
		{D20E6933-A0C9-49C0-BEB3-3BFB37A47E54}.Debug|x86.ActiveCfg = Debug|x64
		{D20E6933-A0C9-49C0-BEB3-3BFB37A47E54}.Release|Any CPU.ActiveCfg = Release|x64
		{D20E6933-A0C9-49C0-BEB3-3BFB37A47E54}.Release|Any CPU.Build.0 = Release|x64
		{D20E6933-A0C9-49C0-BEB3-3BFB37A47E54}.Release|Any CPU.Deploy.0 = Release|x64
		{D20E6933-A0C9-49C0-BEB3-3BFB37A47E54}.Release|ARM64.ActiveCfg = Release|x64
		{D20E6933-A0C9-49C0-BEB3-3BFB37A47E54}.Release|ARM64.Build.0 = Release|x64
		{D20E6933-A0C9-49C0-BEB3-3BFB37A47E54}.Release|ARM64.Deploy.0 = Release|x64
		{D20E6933-A0C9-49C0-BEB3-3BFB37A47E54}.Release|x64.ActiveCfg = Release|x64
		{D20E6933-A0C9-49C0-BEB3-3BFB37A47E54}.Release|x86.ActiveCfg = Release|x64
		{D20E6933-A0C9-49C0-BEB3-3BFB37A47E54}.Release|x86.Build.0 = Release|x64
		{D20E6933-A0C9-49C0-BEB3-3BFB37A47E54}.Release|x86.Deploy.0 = Release|x64
		{0AA978D9-6EE0-415D-A419-8E736372A76E}.Debug|Any CPU.ActiveCfg = Debug|x64
		{0AA978D9-6EE0-415D-A419-8E736372A76E}.Debug|Any CPU.Build.0 = Debug|x64
		{0AA978D9-6EE0-415D-A419-8E736372A76E}.Debug|Any CPU.Deploy.0 = Debug|x64
		{0AA978D9-6EE0-415D-A419-8E736372A76E}.Debug|ARM64.ActiveCfg = Debug|x64
		{0AA978D9-6EE0-415D-A419-8E736372A76E}.Debug|ARM64.Build.0 = Debug|x64
		{0AA978D9-6EE0-415D-A419-8E736372A76E}.Debug|ARM64.Deploy.0 = Debug|x64
		{0AA978D9-6EE0-415D-A419-8E736372A76E}.Debug|x64.ActiveCfg = Debug|x64
		{0AA978D9-6EE0-415D-A419-8E736372A76E}.Debug|x86.ActiveCfg = Debug|x64
		{0AA978D9-6EE0-415D-A419-8E736372A76E}.Release|Any CPU.ActiveCfg = Release|x64
		{0AA978D9-6EE0-415D-A419-8E736372A76E}.Release|Any CPU.Build.0 = Release|x64
		{0AA978D9-6EE0-415D-A419-8E736372A76E}.Release|Any CPU.Deploy.0 = Release|x64
		{0AA978D9-6EE0-415D-A419-8E736372A76E}.Release|ARM64.ActiveCfg = Release|x64
		{0AA978D9-6EE0-415D-A419-8E736372A76E}.Release|ARM64.Build.0 = Release|x64
		{0AA978D9-6EE0-415D-A419-8E736372A76E}.Release|ARM64.Deploy.0 = Release|x64
		{0AA978D9-6EE0-415D-A419-8E736372A76E}.Release|x64.ActiveCfg = Release|x64
		{0AA978D9-6EE0-415D-A419-8E736372A76E}.Release|x86.ActiveCfg = Release|x64
		{0AA978D9-6EE0-415D-A419-8E736372A76E}.Release|x86.Build.0 = Release|x64
		{0AA978D9-6EE0-415D-A419-8E736372A76E}.Release|x86.Deploy.0 = Release|x64
		{A3E4D8DC-BF32-4B2C-8D81-33B29BF0A6A3}.Debug|Any CPU.ActiveCfg = Debug|x64
		{A3E4D8DC-BF32-4B2C-8D81-33B29BF0A6A3}.Debug|Any CPU.Build.0 = Debug|x64
		{A3E4D8DC-BF32-4B2C-8D81-33B29BF0A6A3}.Debug|Any CPU.Deploy.0 = Debug|x64
		{A3E4D8DC-BF32-4B2C-8D81-33B29BF0A6A3}.Debug|ARM64.ActiveCfg = Debug|x64
		{A3E4D8DC-BF32-4B2C-8D81-33B29BF0A6A3}.Debug|ARM64.Build.0 = Debug|x64
		{A3E4D8DC-BF32-4B2C-8D81-33B29BF0A6A3}.Debug|ARM64.Deploy.0 = Debug|x64
		{A3E4D8DC-BF32-4B2C-8D81-33B29BF0A6A3}.Debug|x64.ActiveCfg = Debug|x64
		{A3E4D8DC-BF32-4B2C-8D81-33B29BF0A6A3}.Debug|x86.ActiveCfg = Debug|x64
		{A3E4D8DC-BF32-4B2C-8D81-33B29BF0A6A3}.Release|Any CPU.ActiveCfg = Release|x64
		{A3E4D8DC-BF32-4B2C-8D81-33B29BF0A6A3}.Release|Any CPU.Build.0 = Release|x64
		{A3E4D8DC-BF32-4B2C-8D81-33B29BF0A6A3}.Release|Any CPU.Deploy.0 = Release|x64
		{A3E4D8DC-BF32-4B2C-8D81-33B29BF0A6A3}.Release|ARM64.ActiveCfg = Release|x64
		{A3E4D8DC-BF32-4B2C-8D81-33B29BF0A6A3}.Release|ARM64.Build.0 = Release|x64
		{A3E4D8DC-BF32-4B2C-8D81-33B29BF0A6A3}.Release|ARM64.Deploy.0 = Release|x64
		{A3E4D8DC-BF32-4B2C-8D81-33B29BF0A6A3}.Release|x64.ActiveCfg = Release|x64
		{A3E4D8DC-BF32-4B2C-8D81-33B29BF0A6A3}.Release|x86.ActiveCfg = Release|x64
		{A3E4D8DC-BF32-4B2C-8D81-33B29BF0A6A3}.Release|x86.Build.0 = Release|x64
		{A3E4D8DC-BF32-4B2C-8D81-33B29BF0A6A3}.Release|x86.Deploy.0 = Release|x64
		{B6BCBFEF-63E8-4A16-961D-6828774EF360}.Debug|Any CPU.ActiveCfg = Debug|x64
		{B6BCBFEF-63E8-4A16-961D-6828774EF360}.Debug|Any CPU.Build.0 = Debug|x64
		{B6BCBFEF-63E8-4A16-961D-6828774EF360}.Debug|Any CPU.Deploy.0 = Debug|x64
		{B6BCBFEF-63E8-4A16-961D-6828774EF360}.Debug|ARM64.ActiveCfg = Debug|x64
		{B6BCBFEF-63E8-4A16-961D-6828774EF360}.Debug|ARM64.Build.0 = Debug|x64
		{B6BCBFEF-63E8-4A16-961D-6828774EF360}.Debug|ARM64.Deploy.0 = Debug|x64
		{B6BCBFEF-63E8-4A16-961D-6828774EF360}.Debug|x64.ActiveCfg = Debug|x64
		{B6BCBFEF-63E8-4A16-961D-6828774EF360}.Debug|x86.ActiveCfg = Debug|x64
		{B6BCBFEF-63E8-4A16-961D-6828774EF360}.Release|Any CPU.ActiveCfg = Release|x64
		{B6BCBFEF-63E8-4A16-961D-6828774EF360}.Release|Any CPU.Build.0 = Release|x64
		{B6BCBFEF-63E8-4A16-961D-6828774EF360}.Release|Any CPU.Deploy.0 = Release|x64
		{B6BCBFEF-63E8-4A16-961D-6828774EF360}.Release|ARM64.ActiveCfg = Release|x64
		{B6BCBFEF-63E8-4A16-961D-6828774EF360}.Release|ARM64.Build.0 = Release|x64
		{B6BCBFEF-63E8-4A16-961D-6828774EF360}.Release|ARM64.Deploy.0 = Release|x64
		{B6BCBFEF-63E8-4A16-961D-6828774EF360}.Release|x64.ActiveCfg = Release|x64
		{B6BCBFEF-63E8-4A16-961D-6828774EF360}.Release|x86.ActiveCfg = Release|x64
		{B6BCBFEF-63E8-4A16-961D-6828774EF360}.Release|x86.Build.0 = Release|x64
		{B6BCBFEF-63E8-4A16-961D-6828774EF360}.Release|x86.Deploy.0 = Release|x64
		{6D3B44DE-90D7-4329-82B3-392E0923B6FC}.Debug|Any CPU.ActiveCfg = Debug|x64
		{6D3B44DE-90D7-4329-82B3-392E0923B6FC}.Debug|Any CPU.Build.0 = Debug|x64
		{6D3B44DE-90D7-4329-82B3-392E0923B6FC}.Debug|ARM64.ActiveCfg = Debug|x64
		{6D3B44DE-90D7-4329-82B3-392E0923B6FC}.Debug|ARM64.Build.0 = Debug|x64
		{6D3B44DE-90D7-4329-82B3-392E0923B6FC}.Debug|x64.ActiveCfg = Debug|x64
		{6D3B44DE-90D7-4329-82B3-392E0923B6FC}.Debug|x86.ActiveCfg = Debug|x64
		{6D3B44DE-90D7-4329-82B3-392E0923B6FC}.Release|Any CPU.ActiveCfg = Release|x64
		{6D3B44DE-90D7-4329-82B3-392E0923B6FC}.Release|Any CPU.Build.0 = Release|x64
		{6D3B44DE-90D7-4329-82B3-392E0923B6FC}.Release|ARM64.ActiveCfg = Release|x64
		{6D3B44DE-90D7-4329-82B3-392E0923B6FC}.Release|ARM64.Build.0 = Release|x64
		{6D3B44DE-90D7-4329-82B3-392E0923B6FC}.Release|x64.ActiveCfg = Release|x64
		{6D3B44DE-90D7-4329-82B3-392E0923B6FC}.Release|x86.ActiveCfg = Release|x64
		{6D3B44DE-90D7-4329-82B3-392E0923B6FC}.Release|x86.Build.0 = Release|x64
		{1D743C8A-542D-4014-AA1B-A0E572BAC63D}.Debug|Any CPU.ActiveCfg = Debug|x64
		{1D743C8A-542D-4014-AA1B-A0E572BAC63D}.Debug|Any CPU.Build.0 = Debug|x64
		{1D743C8A-542D-4014-AA1B-A0E572BAC63D}.Debug|ARM64.ActiveCfg = Debug|x64
		{1D743C8A-542D-4014-AA1B-A0E572BAC63D}.Debug|ARM64.Build.0 = Debug|x64
		{1D743C8A-542D-4014-AA1B-A0E572BAC63D}.Debug|x64.ActiveCfg = Debug|x64
		{1D743C8A-542D-4014-AA1B-A0E572BAC63D}.Debug|x86.ActiveCfg = Debug|x64
		{1D743C8A-542D-4014-AA1B-A0E572BAC63D}.Release|Any CPU.ActiveCfg = Release|x64
		{1D743C8A-542D-4014-AA1B-A0E572BAC63D}.Release|Any CPU.Build.0 = Release|x64
		{1D743C8A-542D-4014-AA1B-A0E572BAC63D}.Release|ARM64.ActiveCfg = Release|x64
		{1D743C8A-542D-4014-AA1B-A0E572BAC63D}.Release|ARM64.Build.0 = Release|x64
		{1D743C8A-542D-4014-AA1B-A0E572BAC63D}.Release|x64.ActiveCfg = Release|x64
		{1D743C8A-542D-4014-AA1B-A0E572BAC63D}.Release|x86.ActiveCfg = Release|x64
		{1D743C8A-542D-4014-AA1B-A0E572BAC63D}.Release|x86.Build.0 = Release|x64
		{93752183-D414-4011-95A6-7DEDA2B4732A}.Debug|Any CPU.ActiveCfg = Debug|x64
		{93752183-D414-4011-95A6-7DEDA2B4732A}.Debug|Any CPU.Build.0 = Debug|x64
		{93752183-D414-4011-95A6-7DEDA2B4732A}.Debug|ARM64.ActiveCfg = Debug|x64
		{93752183-D414-4011-95A6-7DEDA2B4732A}.Debug|ARM64.Build.0 = Debug|x64
		{93752183-D414-4011-95A6-7DEDA2B4732A}.Debug|x64.ActiveCfg = Debug|x64
		{93752183-D414-4011-95A6-7DEDA2B4732A}.Debug|x86.ActiveCfg = Debug|x64
		{93752183-D414-4011-95A6-7DEDA2B4732A}.Release|Any CPU.ActiveCfg = Release|x64
		{93752183-D414-4011-95A6-7DEDA2B4732A}.Release|Any CPU.Build.0 = Release|x64
		{93752183-D414-4011-95A6-7DEDA2B4732A}.Release|ARM64.ActiveCfg = Release|x64
		{93752183-D414-4011-95A6-7DEDA2B4732A}.Release|ARM64.Build.0 = Release|x64
		{93752183-D414-4011-95A6-7DEDA2B4732A}.Release|x64.ActiveCfg = Release|x64
		{93752183-D414-4011-95A6-7DEDA2B4732A}.Release|x86.ActiveCfg = Release|x64
		{93752183-D414-4011-95A6-7DEDA2B4732A}.Release|x86.Build.0 = Release|x64
		{137AE6CA-69B8-43E2-B27C-1C9768E4A639}.Debug|Any CPU.ActiveCfg = Debug|x64
		{137AE6CA-69B8-43E2-B27C-1C9768E4A639}.Debug|Any CPU.Build.0 = Debug|x64
		{137AE6CA-69B8-43E2-B27C-1C9768E4A639}.Debug|ARM64.ActiveCfg = Debug|x64
		{137AE6CA-69B8-43E2-B27C-1C9768E4A639}.Debug|ARM64.Build.0 = Debug|x64
		{137AE6CA-69B8-43E2-B27C-1C9768E4A639}.Debug|x64.ActiveCfg = Debug|x64
		{137AE6CA-69B8-43E2-B27C-1C9768E4A639}.Debug|x86.ActiveCfg = Debug|x64
		{137AE6CA-69B8-43E2-B27C-1C9768E4A639}.Release|Any CPU.ActiveCfg = Release|x64
		{137AE6CA-69B8-43E2-B27C-1C9768E4A639}.Release|Any CPU.Build.0 = Release|x64
		{137AE6CA-69B8-43E2-B27C-1C9768E4A639}.Release|ARM64.ActiveCfg = Release|x64
		{137AE6CA-69B8-43E2-B27C-1C9768E4A639}.Release|ARM64.Build.0 = Release|x64
		{137AE6CA-69B8-43E2-B27C-1C9768E4A639}.Release|x64.ActiveCfg = Release|x64
		{137AE6CA-69B8-43E2-B27C-1C9768E4A639}.Release|x86.ActiveCfg = Release|x64
		{137AE6CA-69B8-43E2-B27C-1C9768E4A639}.Release|x86.Build.0 = Release|x64
		{79EABAE9-81B4-4336-8E14-AEC3334B492B}.Debug|Any CPU.ActiveCfg = Debug|x64
		{79EABAE9-81B4-4336-8E14-AEC3334B492B}.Debug|Any CPU.Build.0 = Debug|x64
		{79EABAE9-81B4-4336-8E14-AEC3334B492B}.Debug|ARM64.ActiveCfg = Debug|x64
		{79EABAE9-81B4-4336-8E14-AEC3334B492B}.Debug|ARM64.Build.0 = Debug|x64
		{79EABAE9-81B4-4336-8E14-AEC3334B492B}.Debug|x64.ActiveCfg = Debug|x64
		{79EABAE9-81B4-4336-8E14-AEC3334B492B}.Debug|x86.ActiveCfg = Debug|x64
		{79EABAE9-81B4-4336-8E14-AEC3334B492B}.Release|Any CPU.ActiveCfg = Release|x64
		{79EABAE9-81B4-4336-8E14-AEC3334B492B}.Release|Any CPU.Build.0 = Release|x64
		{79EABAE9-81B4-4336-8E14-AEC3334B492B}.Release|ARM64.ActiveCfg = Release|x64
		{79EABAE9-81B4-4336-8E14-AEC3334B492B}.Release|ARM64.Build.0 = Release|x64
		{79EABAE9-81B4-4336-8E14-AEC3334B492B}.Release|x64.ActiveCfg = Release|x64
		{79EABAE9-81B4-4336-8E14-AEC3334B492B}.Release|x86.ActiveCfg = Release|x64
		{79EABAE9-81B4-4336-8E14-AEC3334B492B}.Release|x86.Build.0 = Release|x64
		{CE7FA774-4AF0-4FF9-BC0A-752F7A66648D}.Debug|Any CPU.ActiveCfg = Debug|x64
		{CE7FA774-4AF0-4FF9-BC0A-752F7A66648D}.Debug|Any CPU.Build.0 = Debug|x64
		{CE7FA774-4AF0-4FF9-BC0A-752F7A66648D}.Debug|ARM64.ActiveCfg = Debug|x64
		{CE7FA774-4AF0-4FF9-BC0A-752F7A66648D}.Debug|ARM64.Build.0 = Debug|x64
		{CE7FA774-4AF0-4FF9-BC0A-752F7A66648D}.Debug|x64.ActiveCfg = Debug|x64
		{CE7FA774-4AF0-4FF9-BC0A-752F7A66648D}.Debug|x86.ActiveCfg = Debug|x64
		{CE7FA774-4AF0-4FF9-BC0A-752F7A66648D}.Release|Any CPU.ActiveCfg = Release|x64
		{CE7FA774-4AF0-4FF9-BC0A-752F7A66648D}.Release|Any CPU.Build.0 = Release|x64
		{CE7FA774-4AF0-4FF9-BC0A-752F7A66648D}.Release|ARM64.ActiveCfg = Release|x64
		{CE7FA774-4AF0-4FF9-BC0A-752F7A66648D}.Release|ARM64.Build.0 = Release|x64
		{CE7FA774-4AF0-4FF9-BC0A-752F7A66648D}.Release|x64.ActiveCfg = Release|x64
		{CE7FA774-4AF0-4FF9-BC0A-752F7A66648D}.Release|x86.ActiveCfg = Release|x64
		{CE7FA774-4AF0-4FF9-BC0A-752F7A66648D}.Release|x86.Build.0 = Release|x64
		{B545FCFB-D973-4A21-A8D4-9937F2FF8F23}.Debug|Any CPU.ActiveCfg = Debug|x64
		{B545FCFB-D973-4A21-A8D4-9937F2FF8F23}.Debug|Any CPU.Build.0 = Debug|x64
		{B545FCFB-D973-4A21-A8D4-9937F2FF8F23}.Debug|ARM64.ActiveCfg = Debug|x64
		{B545FCFB-D973-4A21-A8D4-9937F2FF8F23}.Debug|ARM64.Build.0 = Debug|x64
		{B545FCFB-D973-4A21-A8D4-9937F2FF8F23}.Debug|x64.ActiveCfg = Debug|x64
		{B545FCFB-D973-4A21-A8D4-9937F2FF8F23}.Debug|x86.ActiveCfg = Debug|x64
		{B545FCFB-D973-4A21-A8D4-9937F2FF8F23}.Release|Any CPU.ActiveCfg = Release|x64
		{B545FCFB-D973-4A21-A8D4-9937F2FF8F23}.Release|Any CPU.Build.0 = Release|x64
		{B545FCFB-D973-4A21-A8D4-9937F2FF8F23}.Release|ARM64.ActiveCfg = Release|x64
		{B545FCFB-D973-4A21-A8D4-9937F2FF8F23}.Release|ARM64.Build.0 = Release|x64
		{B545FCFB-D973-4A21-A8D4-9937F2FF8F23}.Release|x64.ActiveCfg = Release|x64
		{B545FCFB-D973-4A21-A8D4-9937F2FF8F23}.Release|x86.ActiveCfg = Release|x64
		{B545FCFB-D973-4A21-A8D4-9937F2FF8F23}.Release|x86.Build.0 = Release|x64
		{95F55FEF-3923-40ED-8C4D-342660599589}.Debug|Any CPU.ActiveCfg = Debug|Any CPU
		{95F55FEF-3923-40ED-8C4D-342660599589}.Debug|Any CPU.Build.0 = Debug|Any CPU
		{95F55FEF-3923-40ED-8C4D-342660599589}.Debug|ARM64.ActiveCfg = Debug|Any CPU
		{95F55FEF-3923-40ED-8C4D-342660599589}.Debug|ARM64.Build.0 = Debug|Any CPU
		{95F55FEF-3923-40ED-8C4D-342660599589}.Debug|x64.ActiveCfg = Debug|Any CPU
		{95F55FEF-3923-40ED-8C4D-342660599589}.Debug|x86.ActiveCfg = Debug|Any CPU
		{95F55FEF-3923-40ED-8C4D-342660599589}.Release|Any CPU.ActiveCfg = Release|Any CPU
		{95F55FEF-3923-40ED-8C4D-342660599589}.Release|Any CPU.Build.0 = Release|Any CPU
		{95F55FEF-3923-40ED-8C4D-342660599589}.Release|ARM64.ActiveCfg = Release|Any CPU
		{95F55FEF-3923-40ED-8C4D-342660599589}.Release|ARM64.Build.0 = Release|Any CPU
		{95F55FEF-3923-40ED-8C4D-342660599589}.Release|x64.ActiveCfg = Release|Any CPU
		{95F55FEF-3923-40ED-8C4D-342660599589}.Release|x86.ActiveCfg = Release|Any CPU
		{95F55FEF-3923-40ED-8C4D-342660599589}.Release|x86.Build.0 = Release|Any CPU
		{3E7149C9-BFDD-42E2-A1A2-603D17D55D41}.Debug|Any CPU.ActiveCfg = Debug|Any CPU
		{3E7149C9-BFDD-42E2-A1A2-603D17D55D41}.Debug|Any CPU.Build.0 = Debug|Any CPU
		{3E7149C9-BFDD-42E2-A1A2-603D17D55D41}.Debug|ARM64.ActiveCfg = Debug|Any CPU
		{3E7149C9-BFDD-42E2-A1A2-603D17D55D41}.Debug|ARM64.Build.0 = Debug|Any CPU
		{3E7149C9-BFDD-42E2-A1A2-603D17D55D41}.Debug|x64.ActiveCfg = Debug|x64
		{3E7149C9-BFDD-42E2-A1A2-603D17D55D41}.Debug|x86.ActiveCfg = Debug|Any CPU
		{3E7149C9-BFDD-42E2-A1A2-603D17D55D41}.Release|Any CPU.ActiveCfg = Release|Any CPU
		{3E7149C9-BFDD-42E2-A1A2-603D17D55D41}.Release|Any CPU.Build.0 = Release|Any CPU
		{3E7149C9-BFDD-42E2-A1A2-603D17D55D41}.Release|ARM64.ActiveCfg = Release|Any CPU
		{3E7149C9-BFDD-42E2-A1A2-603D17D55D41}.Release|ARM64.Build.0 = Release|Any CPU
		{3E7149C9-BFDD-42E2-A1A2-603D17D55D41}.Release|x64.ActiveCfg = Release|x64
		{3E7149C9-BFDD-42E2-A1A2-603D17D55D41}.Release|x86.ActiveCfg = Release|Any CPU
		{3E7149C9-BFDD-42E2-A1A2-603D17D55D41}.Release|x86.Build.0 = Release|Any CPU
		{B2BB8C1D-9636-48D0-8035-5BC8A6C9FFF3}.Debug|Any CPU.ActiveCfg = Debug|x64
		{B2BB8C1D-9636-48D0-8035-5BC8A6C9FFF3}.Debug|Any CPU.Build.0 = Debug|x64
		{B2BB8C1D-9636-48D0-8035-5BC8A6C9FFF3}.Debug|Any CPU.Deploy.0 = Debug|x64
		{B2BB8C1D-9636-48D0-8035-5BC8A6C9FFF3}.Debug|ARM64.ActiveCfg = Debug|x64
		{B2BB8C1D-9636-48D0-8035-5BC8A6C9FFF3}.Debug|ARM64.Build.0 = Debug|x64
		{B2BB8C1D-9636-48D0-8035-5BC8A6C9FFF3}.Debug|ARM64.Deploy.0 = Debug|x64
		{B2BB8C1D-9636-48D0-8035-5BC8A6C9FFF3}.Debug|x64.ActiveCfg = Debug|x64
		{B2BB8C1D-9636-48D0-8035-5BC8A6C9FFF3}.Debug|x86.ActiveCfg = Debug|x64
		{B2BB8C1D-9636-48D0-8035-5BC8A6C9FFF3}.Release|Any CPU.ActiveCfg = Release|x64
		{B2BB8C1D-9636-48D0-8035-5BC8A6C9FFF3}.Release|Any CPU.Build.0 = Release|x64
		{B2BB8C1D-9636-48D0-8035-5BC8A6C9FFF3}.Release|Any CPU.Deploy.0 = Release|x64
		{B2BB8C1D-9636-48D0-8035-5BC8A6C9FFF3}.Release|ARM64.ActiveCfg = Release|x64
		{B2BB8C1D-9636-48D0-8035-5BC8A6C9FFF3}.Release|ARM64.Build.0 = Release|x64
		{B2BB8C1D-9636-48D0-8035-5BC8A6C9FFF3}.Release|ARM64.Deploy.0 = Release|x64
		{B2BB8C1D-9636-48D0-8035-5BC8A6C9FFF3}.Release|x64.ActiveCfg = Release|x64
		{B2BB8C1D-9636-48D0-8035-5BC8A6C9FFF3}.Release|x86.ActiveCfg = Release|x64
		{B2BB8C1D-9636-48D0-8035-5BC8A6C9FFF3}.Release|x86.Build.0 = Release|x64
		{B2BB8C1D-9636-48D0-8035-5BC8A6C9FFF3}.Release|x86.Deploy.0 = Release|x64
		{9C422B8C-D51F-495C-9141-F68DBE6993A0}.Debug|Any CPU.ActiveCfg = Debug|Any CPU
		{9C422B8C-D51F-495C-9141-F68DBE6993A0}.Debug|Any CPU.Build.0 = Debug|Any CPU
		{9C422B8C-D51F-495C-9141-F68DBE6993A0}.Debug|ARM64.ActiveCfg = Debug|Any CPU
		{9C422B8C-D51F-495C-9141-F68DBE6993A0}.Debug|ARM64.Build.0 = Debug|Any CPU
		{9C422B8C-D51F-495C-9141-F68DBE6993A0}.Debug|x64.ActiveCfg = Debug|x64
		{9C422B8C-D51F-495C-9141-F68DBE6993A0}.Debug|x86.ActiveCfg = Debug|Any CPU
		{9C422B8C-D51F-495C-9141-F68DBE6993A0}.Debug|x86.Build.0 = Debug|Any CPU
		{9C422B8C-D51F-495C-9141-F68DBE6993A0}.Release|Any CPU.ActiveCfg = Release|Any CPU
		{9C422B8C-D51F-495C-9141-F68DBE6993A0}.Release|Any CPU.Build.0 = Release|Any CPU
		{9C422B8C-D51F-495C-9141-F68DBE6993A0}.Release|ARM64.ActiveCfg = Release|Any CPU
		{9C422B8C-D51F-495C-9141-F68DBE6993A0}.Release|ARM64.Build.0 = Release|Any CPU
		{9C422B8C-D51F-495C-9141-F68DBE6993A0}.Release|x64.ActiveCfg = Release|x64
		{9C422B8C-D51F-495C-9141-F68DBE6993A0}.Release|x86.ActiveCfg = Release|Any CPU
		{9C422B8C-D51F-495C-9141-F68DBE6993A0}.Release|x86.Build.0 = Release|Any CPU
		{14F9473D-BB7C-426B-8E1F-9E90CA940774}.Debug|Any CPU.ActiveCfg = Debug|x64
		{14F9473D-BB7C-426B-8E1F-9E90CA940774}.Debug|Any CPU.Build.0 = Debug|x64
		{14F9473D-BB7C-426B-8E1F-9E90CA940774}.Debug|Any CPU.Deploy.0 = Debug|x64
		{14F9473D-BB7C-426B-8E1F-9E90CA940774}.Debug|ARM64.ActiveCfg = Debug|x64
		{14F9473D-BB7C-426B-8E1F-9E90CA940774}.Debug|ARM64.Build.0 = Debug|x64
		{14F9473D-BB7C-426B-8E1F-9E90CA940774}.Debug|ARM64.Deploy.0 = Debug|x64
		{14F9473D-BB7C-426B-8E1F-9E90CA940774}.Debug|x64.ActiveCfg = Debug|x64
		{14F9473D-BB7C-426B-8E1F-9E90CA940774}.Debug|x86.ActiveCfg = Debug|x64
		{14F9473D-BB7C-426B-8E1F-9E90CA940774}.Release|Any CPU.ActiveCfg = Release|x64
		{14F9473D-BB7C-426B-8E1F-9E90CA940774}.Release|Any CPU.Build.0 = Release|x64
		{14F9473D-BB7C-426B-8E1F-9E90CA940774}.Release|Any CPU.Deploy.0 = Release|x64
		{14F9473D-BB7C-426B-8E1F-9E90CA940774}.Release|ARM64.ActiveCfg = Release|x64
		{14F9473D-BB7C-426B-8E1F-9E90CA940774}.Release|ARM64.Build.0 = Release|x64
		{14F9473D-BB7C-426B-8E1F-9E90CA940774}.Release|ARM64.Deploy.0 = Release|x64
		{14F9473D-BB7C-426B-8E1F-9E90CA940774}.Release|x64.ActiveCfg = Release|x64
		{14F9473D-BB7C-426B-8E1F-9E90CA940774}.Release|x86.ActiveCfg = Release|x64
		{14F9473D-BB7C-426B-8E1F-9E90CA940774}.Release|x86.Build.0 = Release|x64
		{14F9473D-BB7C-426B-8E1F-9E90CA940774}.Release|x86.Deploy.0 = Release|x64
		{AD784EF1-081A-43C3-8C99-50D2DAE9C479}.Debug|Any CPU.ActiveCfg = Debug|Any CPU
		{AD784EF1-081A-43C3-8C99-50D2DAE9C479}.Debug|Any CPU.Build.0 = Debug|Any CPU
		{AD784EF1-081A-43C3-8C99-50D2DAE9C479}.Debug|ARM64.ActiveCfg = Debug|Any CPU
		{AD784EF1-081A-43C3-8C99-50D2DAE9C479}.Debug|ARM64.Build.0 = Debug|Any CPU
		{AD784EF1-081A-43C3-8C99-50D2DAE9C479}.Debug|x64.ActiveCfg = Debug|x64
		{AD784EF1-081A-43C3-8C99-50D2DAE9C479}.Debug|x86.ActiveCfg = Debug|Any CPU
		{AD784EF1-081A-43C3-8C99-50D2DAE9C479}.Release|Any CPU.ActiveCfg = Release|Any CPU
		{AD784EF1-081A-43C3-8C99-50D2DAE9C479}.Release|Any CPU.Build.0 = Release|Any CPU
		{AD784EF1-081A-43C3-8C99-50D2DAE9C479}.Release|ARM64.ActiveCfg = Release|Any CPU
		{AD784EF1-081A-43C3-8C99-50D2DAE9C479}.Release|ARM64.Build.0 = Release|Any CPU
		{AD784EF1-081A-43C3-8C99-50D2DAE9C479}.Release|x64.ActiveCfg = Release|x64
		{AD784EF1-081A-43C3-8C99-50D2DAE9C479}.Release|x86.ActiveCfg = Release|Any CPU
		{AD784EF1-081A-43C3-8C99-50D2DAE9C479}.Release|x86.Build.0 = Release|Any CPU
		{4A9AD5A1-18E6-43B9-9E3E-B9A24C9E6ADF}.Debug|Any CPU.ActiveCfg = Debug|Any CPU
		{4A9AD5A1-18E6-43B9-9E3E-B9A24C9E6ADF}.Debug|Any CPU.Build.0 = Debug|Any CPU
		{4A9AD5A1-18E6-43B9-9E3E-B9A24C9E6ADF}.Debug|ARM64.ActiveCfg = Debug|Any CPU
		{4A9AD5A1-18E6-43B9-9E3E-B9A24C9E6ADF}.Debug|ARM64.Build.0 = Debug|Any CPU
		{4A9AD5A1-18E6-43B9-9E3E-B9A24C9E6ADF}.Debug|x64.ActiveCfg = Debug|Any CPU
		{4A9AD5A1-18E6-43B9-9E3E-B9A24C9E6ADF}.Debug|x86.ActiveCfg = Debug|Any CPU
		{4A9AD5A1-18E6-43B9-9E3E-B9A24C9E6ADF}.Release|Any CPU.ActiveCfg = Release|Any CPU
		{4A9AD5A1-18E6-43B9-9E3E-B9A24C9E6ADF}.Release|Any CPU.Build.0 = Release|Any CPU
		{4A9AD5A1-18E6-43B9-9E3E-B9A24C9E6ADF}.Release|ARM64.ActiveCfg = Release|Any CPU
		{4A9AD5A1-18E6-43B9-9E3E-B9A24C9E6ADF}.Release|ARM64.Build.0 = Release|Any CPU
		{4A9AD5A1-18E6-43B9-9E3E-B9A24C9E6ADF}.Release|x64.ActiveCfg = Release|x64
		{4A9AD5A1-18E6-43B9-9E3E-B9A24C9E6ADF}.Release|x86.ActiveCfg = Release|Any CPU
		{4A9AD5A1-18E6-43B9-9E3E-B9A24C9E6ADF}.Release|x86.Build.0 = Release|Any CPU
		{5653CD32-030F-42B3-8A65-FBD632F916B1}.Debug|Any CPU.ActiveCfg = Debug|Any CPU
		{5653CD32-030F-42B3-8A65-FBD632F916B1}.Debug|Any CPU.Build.0 = Debug|Any CPU
		{5653CD32-030F-42B3-8A65-FBD632F916B1}.Debug|ARM64.ActiveCfg = Debug|Any CPU
		{5653CD32-030F-42B3-8A65-FBD632F916B1}.Debug|ARM64.Build.0 = Debug|Any CPU
		{5653CD32-030F-42B3-8A65-FBD632F916B1}.Debug|x64.ActiveCfg = Debug|Any CPU
		{5653CD32-030F-42B3-8A65-FBD632F916B1}.Debug|x86.ActiveCfg = Debug|Any CPU
		{5653CD32-030F-42B3-8A65-FBD632F916B1}.Debug|x86.Build.0 = Debug|Any CPU
		{5653CD32-030F-42B3-8A65-FBD632F916B1}.Release|Any CPU.ActiveCfg = Release|Any CPU
		{5653CD32-030F-42B3-8A65-FBD632F916B1}.Release|Any CPU.Build.0 = Release|Any CPU
		{5653CD32-030F-42B3-8A65-FBD632F916B1}.Release|ARM64.ActiveCfg = Release|Any CPU
		{5653CD32-030F-42B3-8A65-FBD632F916B1}.Release|ARM64.Build.0 = Release|Any CPU
		{5653CD32-030F-42B3-8A65-FBD632F916B1}.Release|x64.ActiveCfg = Release|Any CPU
		{5653CD32-030F-42B3-8A65-FBD632F916B1}.Release|x86.ActiveCfg = Release|Any CPU
		{5653CD32-030F-42B3-8A65-FBD632F916B1}.Release|x86.Build.0 = Release|Any CPU
		{88AB4A27-4C70-44D5-8281-F5509B12B699}.Debug|Any CPU.ActiveCfg = Debug|Any CPU
		{88AB4A27-4C70-44D5-8281-F5509B12B699}.Debug|Any CPU.Build.0 = Debug|Any CPU
		{88AB4A27-4C70-44D5-8281-F5509B12B699}.Debug|ARM64.ActiveCfg = Debug|Any CPU
		{88AB4A27-4C70-44D5-8281-F5509B12B699}.Debug|ARM64.Build.0 = Debug|Any CPU
		{88AB4A27-4C70-44D5-8281-F5509B12B699}.Debug|x64.ActiveCfg = Debug|Any CPU
		{88AB4A27-4C70-44D5-8281-F5509B12B699}.Debug|x86.ActiveCfg = Debug|Any CPU
		{88AB4A27-4C70-44D5-8281-F5509B12B699}.Release|Any CPU.ActiveCfg = Release|Any CPU
		{88AB4A27-4C70-44D5-8281-F5509B12B699}.Release|Any CPU.Build.0 = Release|Any CPU
		{88AB4A27-4C70-44D5-8281-F5509B12B699}.Release|ARM64.ActiveCfg = Release|Any CPU
		{88AB4A27-4C70-44D5-8281-F5509B12B699}.Release|ARM64.Build.0 = Release|Any CPU
		{88AB4A27-4C70-44D5-8281-F5509B12B699}.Release|x64.ActiveCfg = Release|Any CPU
		{88AB4A27-4C70-44D5-8281-F5509B12B699}.Release|x86.ActiveCfg = Release|Any CPU
		{88AB4A27-4C70-44D5-8281-F5509B12B699}.Release|x86.Build.0 = Release|Any CPU
		{E8139D69-BF93-49B7-BB28-83CF182CCE50}.Debug|Any CPU.ActiveCfg = Debug|Any CPU
		{E8139D69-BF93-49B7-BB28-83CF182CCE50}.Debug|Any CPU.Build.0 = Debug|Any CPU
		{E8139D69-BF93-49B7-BB28-83CF182CCE50}.Debug|ARM64.ActiveCfg = Debug|Any CPU
		{E8139D69-BF93-49B7-BB28-83CF182CCE50}.Debug|ARM64.Build.0 = Debug|Any CPU
		{E8139D69-BF93-49B7-BB28-83CF182CCE50}.Debug|x64.ActiveCfg = Debug|Any CPU
		{E8139D69-BF93-49B7-BB28-83CF182CCE50}.Debug|x86.ActiveCfg = Debug|Any CPU
		{E8139D69-BF93-49B7-BB28-83CF182CCE50}.Release|Any CPU.ActiveCfg = Release|Any CPU
		{E8139D69-BF93-49B7-BB28-83CF182CCE50}.Release|Any CPU.Build.0 = Release|Any CPU
		{E8139D69-BF93-49B7-BB28-83CF182CCE50}.Release|ARM64.ActiveCfg = Release|Any CPU
		{E8139D69-BF93-49B7-BB28-83CF182CCE50}.Release|ARM64.Build.0 = Release|Any CPU
		{E8139D69-BF93-49B7-BB28-83CF182CCE50}.Release|x64.ActiveCfg = Release|Any CPU
		{E8139D69-BF93-49B7-BB28-83CF182CCE50}.Release|x86.ActiveCfg = Release|Any CPU
		{E8139D69-BF93-49B7-BB28-83CF182CCE50}.Release|x86.Build.0 = Release|Any CPU
		{37A5A90E-78F9-44CE-8B50-AE8907242F76}.Debug|Any CPU.ActiveCfg = Debug|Any CPU
		{37A5A90E-78F9-44CE-8B50-AE8907242F76}.Debug|Any CPU.Build.0 = Debug|Any CPU
		{37A5A90E-78F9-44CE-8B50-AE8907242F76}.Debug|ARM64.ActiveCfg = Debug|Any CPU
		{37A5A90E-78F9-44CE-8B50-AE8907242F76}.Debug|ARM64.Build.0 = Debug|Any CPU
		{37A5A90E-78F9-44CE-8B50-AE8907242F76}.Debug|x64.ActiveCfg = Debug|Any CPU
		{37A5A90E-78F9-44CE-8B50-AE8907242F76}.Debug|x86.ActiveCfg = Debug|Any CPU
		{37A5A90E-78F9-44CE-8B50-AE8907242F76}.Release|Any CPU.ActiveCfg = Release|Any CPU
		{37A5A90E-78F9-44CE-8B50-AE8907242F76}.Release|Any CPU.Build.0 = Release|Any CPU
		{37A5A90E-78F9-44CE-8B50-AE8907242F76}.Release|ARM64.ActiveCfg = Release|Any CPU
		{37A5A90E-78F9-44CE-8B50-AE8907242F76}.Release|ARM64.Build.0 = Release|Any CPU
		{37A5A90E-78F9-44CE-8B50-AE8907242F76}.Release|x64.ActiveCfg = Release|Any CPU
		{37A5A90E-78F9-44CE-8B50-AE8907242F76}.Release|x86.ActiveCfg = Release|Any CPU
		{37A5A90E-78F9-44CE-8B50-AE8907242F76}.Release|x86.Build.0 = Release|Any CPU
		{19C3CE9B-CE18-4CE5-A8B4-C0AF1BC12D0A}.Debug|Any CPU.ActiveCfg = Debug|x64
		{19C3CE9B-CE18-4CE5-A8B4-C0AF1BC12D0A}.Debug|Any CPU.Build.0 = Debug|x64
		{19C3CE9B-CE18-4CE5-A8B4-C0AF1BC12D0A}.Debug|Any CPU.Deploy.0 = Debug|x64
		{19C3CE9B-CE18-4CE5-A8B4-C0AF1BC12D0A}.Debug|ARM64.ActiveCfg = Debug|x64
		{19C3CE9B-CE18-4CE5-A8B4-C0AF1BC12D0A}.Debug|ARM64.Build.0 = Debug|x64
		{19C3CE9B-CE18-4CE5-A8B4-C0AF1BC12D0A}.Debug|ARM64.Deploy.0 = Debug|x64
		{19C3CE9B-CE18-4CE5-A8B4-C0AF1BC12D0A}.Debug|x64.ActiveCfg = Debug|x64
		{19C3CE9B-CE18-4CE5-A8B4-C0AF1BC12D0A}.Debug|x86.ActiveCfg = Debug|x64
		{19C3CE9B-CE18-4CE5-A8B4-C0AF1BC12D0A}.Release|Any CPU.ActiveCfg = Release|x64
		{19C3CE9B-CE18-4CE5-A8B4-C0AF1BC12D0A}.Release|Any CPU.Build.0 = Release|x64
		{19C3CE9B-CE18-4CE5-A8B4-C0AF1BC12D0A}.Release|Any CPU.Deploy.0 = Release|x64
		{19C3CE9B-CE18-4CE5-A8B4-C0AF1BC12D0A}.Release|ARM64.ActiveCfg = Release|x64
		{19C3CE9B-CE18-4CE5-A8B4-C0AF1BC12D0A}.Release|ARM64.Build.0 = Release|x64
		{19C3CE9B-CE18-4CE5-A8B4-C0AF1BC12D0A}.Release|ARM64.Deploy.0 = Release|x64
		{19C3CE9B-CE18-4CE5-A8B4-C0AF1BC12D0A}.Release|x64.ActiveCfg = Release|x64
		{19C3CE9B-CE18-4CE5-A8B4-C0AF1BC12D0A}.Release|x86.ActiveCfg = Release|x64
		{19C3CE9B-CE18-4CE5-A8B4-C0AF1BC12D0A}.Release|x86.Build.0 = Release|x64
		{19C3CE9B-CE18-4CE5-A8B4-C0AF1BC12D0A}.Release|x86.Deploy.0 = Release|x64
		{31F228A4-3CBC-401A-B0EC-2EB1CA7B6CA7}.Debug|Any CPU.ActiveCfg = Debug|Any CPU
		{31F228A4-3CBC-401A-B0EC-2EB1CA7B6CA7}.Debug|Any CPU.Build.0 = Debug|Any CPU
		{31F228A4-3CBC-401A-B0EC-2EB1CA7B6CA7}.Debug|ARM64.ActiveCfg = Debug|Any CPU
		{31F228A4-3CBC-401A-B0EC-2EB1CA7B6CA7}.Debug|ARM64.Build.0 = Debug|Any CPU
		{31F228A4-3CBC-401A-B0EC-2EB1CA7B6CA7}.Debug|x64.ActiveCfg = Debug|x64
		{31F228A4-3CBC-401A-B0EC-2EB1CA7B6CA7}.Debug|x86.ActiveCfg = Debug|Any CPU
		{31F228A4-3CBC-401A-B0EC-2EB1CA7B6CA7}.Debug|x86.Build.0 = Debug|Any CPU
		{31F228A4-3CBC-401A-B0EC-2EB1CA7B6CA7}.Release|Any CPU.ActiveCfg = Release|Any CPU
		{31F228A4-3CBC-401A-B0EC-2EB1CA7B6CA7}.Release|Any CPU.Build.0 = Release|Any CPU
		{31F228A4-3CBC-401A-B0EC-2EB1CA7B6CA7}.Release|ARM64.ActiveCfg = Release|Any CPU
		{31F228A4-3CBC-401A-B0EC-2EB1CA7B6CA7}.Release|ARM64.Build.0 = Release|Any CPU
		{31F228A4-3CBC-401A-B0EC-2EB1CA7B6CA7}.Release|x64.ActiveCfg = Release|x64
		{31F228A4-3CBC-401A-B0EC-2EB1CA7B6CA7}.Release|x86.ActiveCfg = Release|Any CPU
		{31F228A4-3CBC-401A-B0EC-2EB1CA7B6CA7}.Release|x86.Build.0 = Release|Any CPU
		{B3563E1D-7EDB-45A6-9A76-C44AEBE96FD6}.Debug|Any CPU.ActiveCfg = Debug|Any CPU
		{B3563E1D-7EDB-45A6-9A76-C44AEBE96FD6}.Debug|Any CPU.Build.0 = Debug|Any CPU
		{B3563E1D-7EDB-45A6-9A76-C44AEBE96FD6}.Debug|ARM64.ActiveCfg = Debug|Any CPU
		{B3563E1D-7EDB-45A6-9A76-C44AEBE96FD6}.Debug|ARM64.Build.0 = Debug|Any CPU
		{B3563E1D-7EDB-45A6-9A76-C44AEBE96FD6}.Debug|x64.ActiveCfg = Debug|Any CPU
		{B3563E1D-7EDB-45A6-9A76-C44AEBE96FD6}.Debug|x86.ActiveCfg = Debug|Any CPU
		{B3563E1D-7EDB-45A6-9A76-C44AEBE96FD6}.Release|Any CPU.ActiveCfg = Release|Any CPU
		{B3563E1D-7EDB-45A6-9A76-C44AEBE96FD6}.Release|Any CPU.Build.0 = Release|Any CPU
		{B3563E1D-7EDB-45A6-9A76-C44AEBE96FD6}.Release|ARM64.ActiveCfg = Release|Any CPU
		{B3563E1D-7EDB-45A6-9A76-C44AEBE96FD6}.Release|ARM64.Build.0 = Release|Any CPU
		{B3563E1D-7EDB-45A6-9A76-C44AEBE96FD6}.Release|x64.ActiveCfg = Release|Any CPU
		{B3563E1D-7EDB-45A6-9A76-C44AEBE96FD6}.Release|x86.ActiveCfg = Release|Any CPU
		{B3563E1D-7EDB-45A6-9A76-C44AEBE96FD6}.Release|x86.Build.0 = Release|Any CPU
		{EA954728-EC9E-4C18-890E-847BEA236209}.Debug|Any CPU.ActiveCfg = Debug|Any CPU
		{EA954728-EC9E-4C18-890E-847BEA236209}.Debug|Any CPU.Build.0 = Debug|Any CPU
		{EA954728-EC9E-4C18-890E-847BEA236209}.Debug|ARM64.ActiveCfg = Debug|Any CPU
		{EA954728-EC9E-4C18-890E-847BEA236209}.Debug|ARM64.Build.0 = Debug|Any CPU
		{EA954728-EC9E-4C18-890E-847BEA236209}.Debug|x64.ActiveCfg = Debug|Any CPU
		{EA954728-EC9E-4C18-890E-847BEA236209}.Debug|x86.ActiveCfg = Debug|Any CPU
		{EA954728-EC9E-4C18-890E-847BEA236209}.Release|Any CPU.ActiveCfg = Release|Any CPU
		{EA954728-EC9E-4C18-890E-847BEA236209}.Release|Any CPU.Build.0 = Release|Any CPU
		{EA954728-EC9E-4C18-890E-847BEA236209}.Release|ARM64.ActiveCfg = Release|Any CPU
		{EA954728-EC9E-4C18-890E-847BEA236209}.Release|ARM64.Build.0 = Release|Any CPU
		{EA954728-EC9E-4C18-890E-847BEA236209}.Release|x64.ActiveCfg = Release|Any CPU
		{EA954728-EC9E-4C18-890E-847BEA236209}.Release|x86.ActiveCfg = Release|Any CPU
		{EA954728-EC9E-4C18-890E-847BEA236209}.Release|x86.Build.0 = Release|Any CPU
		{C9851806-92DF-447E-AAD7-67F67293862E}.Debug|Any CPU.ActiveCfg = Debug|Any CPU
		{C9851806-92DF-447E-AAD7-67F67293862E}.Debug|Any CPU.Build.0 = Debug|Any CPU
		{C9851806-92DF-447E-AAD7-67F67293862E}.Debug|ARM64.ActiveCfg = Debug|Any CPU
		{C9851806-92DF-447E-AAD7-67F67293862E}.Debug|ARM64.Build.0 = Debug|Any CPU
		{C9851806-92DF-447E-AAD7-67F67293862E}.Debug|x64.ActiveCfg = Debug|Any CPU
		{C9851806-92DF-447E-AAD7-67F67293862E}.Debug|x86.ActiveCfg = Debug|Any CPU
		{C9851806-92DF-447E-AAD7-67F67293862E}.Release|Any CPU.ActiveCfg = Release|Any CPU
		{C9851806-92DF-447E-AAD7-67F67293862E}.Release|Any CPU.Build.0 = Release|Any CPU
		{C9851806-92DF-447E-AAD7-67F67293862E}.Release|ARM64.ActiveCfg = Release|Any CPU
		{C9851806-92DF-447E-AAD7-67F67293862E}.Release|ARM64.Build.0 = Release|Any CPU
		{C9851806-92DF-447E-AAD7-67F67293862E}.Release|x64.ActiveCfg = Release|Any CPU
		{C9851806-92DF-447E-AAD7-67F67293862E}.Release|x86.ActiveCfg = Release|Any CPU
		{C9851806-92DF-447E-AAD7-67F67293862E}.Release|x86.Build.0 = Release|Any CPU
		{7DAD9810-923B-4647-95AE-DEA3DE8DDE37}.Debug|Any CPU.ActiveCfg = Debug|Any CPU
		{7DAD9810-923B-4647-95AE-DEA3DE8DDE37}.Debug|Any CPU.Build.0 = Debug|Any CPU
		{7DAD9810-923B-4647-95AE-DEA3DE8DDE37}.Debug|ARM64.ActiveCfg = Debug|Any CPU
		{7DAD9810-923B-4647-95AE-DEA3DE8DDE37}.Debug|ARM64.Build.0 = Debug|Any CPU
		{7DAD9810-923B-4647-95AE-DEA3DE8DDE37}.Debug|x64.ActiveCfg = Debug|Any CPU
		{7DAD9810-923B-4647-95AE-DEA3DE8DDE37}.Debug|x86.ActiveCfg = Debug|Any CPU
		{7DAD9810-923B-4647-95AE-DEA3DE8DDE37}.Release|Any CPU.ActiveCfg = Release|Any CPU
		{7DAD9810-923B-4647-95AE-DEA3DE8DDE37}.Release|Any CPU.Build.0 = Release|Any CPU
		{7DAD9810-923B-4647-95AE-DEA3DE8DDE37}.Release|ARM64.ActiveCfg = Release|Any CPU
		{7DAD9810-923B-4647-95AE-DEA3DE8DDE37}.Release|ARM64.Build.0 = Release|Any CPU
		{7DAD9810-923B-4647-95AE-DEA3DE8DDE37}.Release|x64.ActiveCfg = Release|x64
		{7DAD9810-923B-4647-95AE-DEA3DE8DDE37}.Release|x86.ActiveCfg = Release|Any CPU
		{7DAD9810-923B-4647-95AE-DEA3DE8DDE37}.Release|x86.Build.0 = Release|Any CPU
		{19D3E002-2ACD-5546-BCAB-6AE32BAC781F}.Debug|Any CPU.ActiveCfg = Debug|x64
		{19D3E002-2ACD-5546-BCAB-6AE32BAC781F}.Debug|Any CPU.Build.0 = Debug|x64
		{19D3E002-2ACD-5546-BCAB-6AE32BAC781F}.Debug|ARM64.ActiveCfg = Debug|ARM64
		{19D3E002-2ACD-5546-BCAB-6AE32BAC781F}.Debug|ARM64.Build.0 = Debug|ARM64
		{19D3E002-2ACD-5546-BCAB-6AE32BAC781F}.Debug|x64.ActiveCfg = Debug|x64
		{19D3E002-2ACD-5546-BCAB-6AE32BAC781F}.Debug|x86.ActiveCfg = Debug|x86
		{19D3E002-2ACD-5546-BCAB-6AE32BAC781F}.Release|Any CPU.ActiveCfg = Release|x64
		{19D3E002-2ACD-5546-BCAB-6AE32BAC781F}.Release|Any CPU.Build.0 = Release|x64
		{19D3E002-2ACD-5546-BCAB-6AE32BAC781F}.Release|ARM64.ActiveCfg = Release|ARM64
		{19D3E002-2ACD-5546-BCAB-6AE32BAC781F}.Release|ARM64.Build.0 = Release|ARM64
		{19D3E002-2ACD-5546-BCAB-6AE32BAC781F}.Release|x64.ActiveCfg = Release|x64
		{19D3E002-2ACD-5546-BCAB-6AE32BAC781F}.Release|x86.ActiveCfg = Release|x86
		{19D3E002-2ACD-5546-BCAB-6AE32BAC781F}.Release|x86.Build.0 = Release|x86
		{D72BEEB0-E954-4122-9910-C3FF1B6709DE}.Debug|Any CPU.ActiveCfg = Debug|x64
		{D72BEEB0-E954-4122-9910-C3FF1B6709DE}.Debug|Any CPU.Build.0 = Debug|x64
		{D72BEEB0-E954-4122-9910-C3FF1B6709DE}.Debug|Any CPU.Deploy.0 = Debug|x64
		{D72BEEB0-E954-4122-9910-C3FF1B6709DE}.Debug|ARM64.ActiveCfg = Debug|ARM64
		{D72BEEB0-E954-4122-9910-C3FF1B6709DE}.Debug|ARM64.Build.0 = Debug|ARM64
		{D72BEEB0-E954-4122-9910-C3FF1B6709DE}.Debug|ARM64.Deploy.0 = Debug|ARM64
		{D72BEEB0-E954-4122-9910-C3FF1B6709DE}.Debug|x64.ActiveCfg = Debug|x64
		{D72BEEB0-E954-4122-9910-C3FF1B6709DE}.Debug|x86.ActiveCfg = Debug|x86
		{D72BEEB0-E954-4122-9910-C3FF1B6709DE}.Release|Any CPU.ActiveCfg = Release|x64
		{D72BEEB0-E954-4122-9910-C3FF1B6709DE}.Release|Any CPU.Build.0 = Release|x64
		{D72BEEB0-E954-4122-9910-C3FF1B6709DE}.Release|Any CPU.Deploy.0 = Release|x64
		{D72BEEB0-E954-4122-9910-C3FF1B6709DE}.Release|ARM64.ActiveCfg = Release|ARM64
		{D72BEEB0-E954-4122-9910-C3FF1B6709DE}.Release|ARM64.Build.0 = Release|ARM64
		{D72BEEB0-E954-4122-9910-C3FF1B6709DE}.Release|ARM64.Deploy.0 = Release|ARM64
		{D72BEEB0-E954-4122-9910-C3FF1B6709DE}.Release|x64.ActiveCfg = Release|x64
		{D72BEEB0-E954-4122-9910-C3FF1B6709DE}.Release|x86.ActiveCfg = Release|x86
		{D72BEEB0-E954-4122-9910-C3FF1B6709DE}.Release|x86.Build.0 = Release|x86
		{D72BEEB0-E954-4122-9910-C3FF1B6709DE}.Release|x86.Deploy.0 = Release|x86
		{CB29A8FF-F035-BAED-17FB-5063A00ED850}.Debug|Any CPU.ActiveCfg = Debug|Any CPU
		{CB29A8FF-F035-BAED-17FB-5063A00ED850}.Debug|Any CPU.Build.0 = Debug|Any CPU
		{CB29A8FF-F035-BAED-17FB-5063A00ED850}.Debug|ARM64.ActiveCfg = Debug|Any CPU
		{CB29A8FF-F035-BAED-17FB-5063A00ED850}.Debug|ARM64.Build.0 = Debug|Any CPU
		{CB29A8FF-F035-BAED-17FB-5063A00ED850}.Debug|x64.ActiveCfg = Debug|Any CPU
		{CB29A8FF-F035-BAED-17FB-5063A00ED850}.Debug|x86.ActiveCfg = Debug|Any CPU
		{CB29A8FF-F035-BAED-17FB-5063A00ED850}.Release|Any CPU.ActiveCfg = Release|Any CPU
		{CB29A8FF-F035-BAED-17FB-5063A00ED850}.Release|Any CPU.Build.0 = Release|Any CPU
		{CB29A8FF-F035-BAED-17FB-5063A00ED850}.Release|ARM64.ActiveCfg = Release|Any CPU
		{CB29A8FF-F035-BAED-17FB-5063A00ED850}.Release|ARM64.Build.0 = Release|Any CPU
		{CB29A8FF-F035-BAED-17FB-5063A00ED850}.Release|x64.ActiveCfg = Release|Any CPU
		{CB29A8FF-F035-BAED-17FB-5063A00ED850}.Release|x86.ActiveCfg = Release|Any CPU
		{CB29A8FF-F035-BAED-17FB-5063A00ED850}.Release|x86.Build.0 = Release|Any CPU
		{FD325DE9-541A-DD6A-E374-511CD99A5EC6}.Debug|Any CPU.ActiveCfg = Debug|Any CPU
		{FD325DE9-541A-DD6A-E374-511CD99A5EC6}.Debug|Any CPU.Build.0 = Debug|Any CPU
		{FD325DE9-541A-DD6A-E374-511CD99A5EC6}.Debug|ARM64.ActiveCfg = Debug|Any CPU
		{FD325DE9-541A-DD6A-E374-511CD99A5EC6}.Debug|ARM64.Build.0 = Debug|Any CPU
		{FD325DE9-541A-DD6A-E374-511CD99A5EC6}.Debug|x64.ActiveCfg = Debug|Any CPU
		{FD325DE9-541A-DD6A-E374-511CD99A5EC6}.Debug|x86.ActiveCfg = Debug|Any CPU
		{FD325DE9-541A-DD6A-E374-511CD99A5EC6}.Release|Any CPU.ActiveCfg = Release|Any CPU
		{FD325DE9-541A-DD6A-E374-511CD99A5EC6}.Release|Any CPU.Build.0 = Release|Any CPU
		{FD325DE9-541A-DD6A-E374-511CD99A5EC6}.Release|ARM64.ActiveCfg = Release|Any CPU
		{FD325DE9-541A-DD6A-E374-511CD99A5EC6}.Release|ARM64.Build.0 = Release|Any CPU
		{FD325DE9-541A-DD6A-E374-511CD99A5EC6}.Release|x64.ActiveCfg = Release|Any CPU
		{FD325DE9-541A-DD6A-E374-511CD99A5EC6}.Release|x86.ActiveCfg = Release|Any CPU
		{FD325DE9-541A-DD6A-E374-511CD99A5EC6}.Release|x86.Build.0 = Release|Any CPU
		{C204A4F5-0080-206A-6489-8C8A9075B81A}.Debug|Any CPU.ActiveCfg = Debug|Any CPU
		{C204A4F5-0080-206A-6489-8C8A9075B81A}.Debug|Any CPU.Build.0 = Debug|Any CPU
		{C204A4F5-0080-206A-6489-8C8A9075B81A}.Debug|ARM64.ActiveCfg = Debug|Any CPU
		{C204A4F5-0080-206A-6489-8C8A9075B81A}.Debug|ARM64.Build.0 = Debug|Any CPU
		{C204A4F5-0080-206A-6489-8C8A9075B81A}.Debug|x64.ActiveCfg = Debug|Any CPU
		{C204A4F5-0080-206A-6489-8C8A9075B81A}.Debug|x86.ActiveCfg = Debug|Any CPU
		{C204A4F5-0080-206A-6489-8C8A9075B81A}.Release|Any CPU.ActiveCfg = Release|Any CPU
		{C204A4F5-0080-206A-6489-8C8A9075B81A}.Release|Any CPU.Build.0 = Release|Any CPU
		{C204A4F5-0080-206A-6489-8C8A9075B81A}.Release|ARM64.ActiveCfg = Release|Any CPU
		{C204A4F5-0080-206A-6489-8C8A9075B81A}.Release|ARM64.Build.0 = Release|Any CPU
		{C204A4F5-0080-206A-6489-8C8A9075B81A}.Release|x64.ActiveCfg = Release|Any CPU
		{C204A4F5-0080-206A-6489-8C8A9075B81A}.Release|x86.ActiveCfg = Release|Any CPU
		{C204A4F5-0080-206A-6489-8C8A9075B81A}.Release|x86.Build.0 = Release|Any CPU
		{278788EF-9C77-AA29-1EFE-2C639F9D3F24}.Debug|Any CPU.ActiveCfg = Debug|Any CPU
		{278788EF-9C77-AA29-1EFE-2C639F9D3F24}.Debug|Any CPU.Build.0 = Debug|Any CPU
		{278788EF-9C77-AA29-1EFE-2C639F9D3F24}.Debug|ARM64.ActiveCfg = Debug|Any CPU
		{278788EF-9C77-AA29-1EFE-2C639F9D3F24}.Debug|ARM64.Build.0 = Debug|Any CPU
		{278788EF-9C77-AA29-1EFE-2C639F9D3F24}.Debug|x64.ActiveCfg = Debug|Any CPU
		{278788EF-9C77-AA29-1EFE-2C639F9D3F24}.Debug|x86.ActiveCfg = Debug|Any CPU
		{278788EF-9C77-AA29-1EFE-2C639F9D3F24}.Release|Any CPU.ActiveCfg = Release|Any CPU
		{278788EF-9C77-AA29-1EFE-2C639F9D3F24}.Release|Any CPU.Build.0 = Release|Any CPU
		{278788EF-9C77-AA29-1EFE-2C639F9D3F24}.Release|ARM64.ActiveCfg = Release|Any CPU
		{278788EF-9C77-AA29-1EFE-2C639F9D3F24}.Release|ARM64.Build.0 = Release|Any CPU
		{278788EF-9C77-AA29-1EFE-2C639F9D3F24}.Release|x64.ActiveCfg = Release|Any CPU
		{278788EF-9C77-AA29-1EFE-2C639F9D3F24}.Release|x86.ActiveCfg = Release|Any CPU
		{278788EF-9C77-AA29-1EFE-2C639F9D3F24}.Release|x86.Build.0 = Release|Any CPU
		{A114B6C1-D37E-3F76-4C89-13CC54946A65}.Debug|Any CPU.ActiveCfg = Debug|Any CPU
		{A114B6C1-D37E-3F76-4C89-13CC54946A65}.Debug|Any CPU.Build.0 = Debug|Any CPU
		{A114B6C1-D37E-3F76-4C89-13CC54946A65}.Debug|ARM64.ActiveCfg = Debug|Any CPU
		{A114B6C1-D37E-3F76-4C89-13CC54946A65}.Debug|ARM64.Build.0 = Debug|Any CPU
		{A114B6C1-D37E-3F76-4C89-13CC54946A65}.Debug|x64.ActiveCfg = Debug|Any CPU
		{A114B6C1-D37E-3F76-4C89-13CC54946A65}.Debug|x86.ActiveCfg = Debug|Any CPU
		{A114B6C1-D37E-3F76-4C89-13CC54946A65}.Release|Any CPU.ActiveCfg = Release|Any CPU
		{A114B6C1-D37E-3F76-4C89-13CC54946A65}.Release|Any CPU.Build.0 = Release|Any CPU
		{A114B6C1-D37E-3F76-4C89-13CC54946A65}.Release|ARM64.ActiveCfg = Release|Any CPU
		{A114B6C1-D37E-3F76-4C89-13CC54946A65}.Release|ARM64.Build.0 = Release|Any CPU
		{A114B6C1-D37E-3F76-4C89-13CC54946A65}.Release|x64.ActiveCfg = Release|Any CPU
		{A114B6C1-D37E-3F76-4C89-13CC54946A65}.Release|x86.ActiveCfg = Release|Any CPU
		{A114B6C1-D37E-3F76-4C89-13CC54946A65}.Release|x86.Build.0 = Release|Any CPU
		{3F76B43C-A832-E0F7-57F1-E542BBEA593D}.Debug|Any CPU.ActiveCfg = Debug|Any CPU
		{3F76B43C-A832-E0F7-57F1-E542BBEA593D}.Debug|Any CPU.Build.0 = Debug|Any CPU
		{3F76B43C-A832-E0F7-57F1-E542BBEA593D}.Debug|ARM64.ActiveCfg = Debug|Any CPU
		{3F76B43C-A832-E0F7-57F1-E542BBEA593D}.Debug|ARM64.Build.0 = Debug|Any CPU
		{3F76B43C-A832-E0F7-57F1-E542BBEA593D}.Debug|x64.ActiveCfg = Debug|Any CPU
		{3F76B43C-A832-E0F7-57F1-E542BBEA593D}.Debug|x86.ActiveCfg = Debug|Any CPU
		{3F76B43C-A832-E0F7-57F1-E542BBEA593D}.Release|Any CPU.ActiveCfg = Release|Any CPU
		{3F76B43C-A832-E0F7-57F1-E542BBEA593D}.Release|Any CPU.Build.0 = Release|Any CPU
		{3F76B43C-A832-E0F7-57F1-E542BBEA593D}.Release|ARM64.ActiveCfg = Release|Any CPU
		{3F76B43C-A832-E0F7-57F1-E542BBEA593D}.Release|ARM64.Build.0 = Release|Any CPU
		{3F76B43C-A832-E0F7-57F1-E542BBEA593D}.Release|x64.ActiveCfg = Release|Any CPU
		{3F76B43C-A832-E0F7-57F1-E542BBEA593D}.Release|x86.ActiveCfg = Release|Any CPU
		{3F76B43C-A832-E0F7-57F1-E542BBEA593D}.Release|x86.Build.0 = Release|Any CPU
		{8F413173-AA83-4E86-BE80-962C9502D8C9}.Debug|Any CPU.ActiveCfg = Debug|Any CPU
		{8F413173-AA83-4E86-BE80-962C9502D8C9}.Debug|Any CPU.Build.0 = Debug|Any CPU
		{8F413173-AA83-4E86-BE80-962C9502D8C9}.Debug|ARM64.ActiveCfg = Debug|Any CPU
		{8F413173-AA83-4E86-BE80-962C9502D8C9}.Debug|ARM64.Build.0 = Debug|Any CPU
		{8F413173-AA83-4E86-BE80-962C9502D8C9}.Debug|x64.ActiveCfg = Debug|Any CPU
		{8F413173-AA83-4E86-BE80-962C9502D8C9}.Debug|x86.ActiveCfg = Debug|Any CPU
		{8F413173-AA83-4E86-BE80-962C9502D8C9}.Release|Any CPU.ActiveCfg = Release|Any CPU
		{8F413173-AA83-4E86-BE80-962C9502D8C9}.Release|Any CPU.Build.0 = Release|Any CPU
		{8F413173-AA83-4E86-BE80-962C9502D8C9}.Release|ARM64.ActiveCfg = Release|Any CPU
		{8F413173-AA83-4E86-BE80-962C9502D8C9}.Release|ARM64.Build.0 = Release|Any CPU
		{8F413173-AA83-4E86-BE80-962C9502D8C9}.Release|x64.ActiveCfg = Release|Any CPU
		{8F413173-AA83-4E86-BE80-962C9502D8C9}.Release|x86.ActiveCfg = Release|Any CPU
		{8F413173-AA83-4E86-BE80-962C9502D8C9}.Release|x86.Build.0 = Release|Any CPU
		{D54C6A9E-3208-BCB9-91CB-83BA63C0AE98}.Debug|Any CPU.ActiveCfg = Debug|Any CPU
		{D54C6A9E-3208-BCB9-91CB-83BA63C0AE98}.Debug|Any CPU.Build.0 = Debug|Any CPU
		{D54C6A9E-3208-BCB9-91CB-83BA63C0AE98}.Debug|ARM64.ActiveCfg = Debug|Any CPU
		{D54C6A9E-3208-BCB9-91CB-83BA63C0AE98}.Debug|ARM64.Build.0 = Debug|Any CPU
		{D54C6A9E-3208-BCB9-91CB-83BA63C0AE98}.Debug|x64.ActiveCfg = Debug|x64
		{D54C6A9E-3208-BCB9-91CB-83BA63C0AE98}.Debug|x86.ActiveCfg = Debug|Any CPU
		{D54C6A9E-3208-BCB9-91CB-83BA63C0AE98}.Release|Any CPU.ActiveCfg = Release|Any CPU
		{D54C6A9E-3208-BCB9-91CB-83BA63C0AE98}.Release|Any CPU.Build.0 = Release|Any CPU
		{D54C6A9E-3208-BCB9-91CB-83BA63C0AE98}.Release|ARM64.ActiveCfg = Release|Any CPU
		{D54C6A9E-3208-BCB9-91CB-83BA63C0AE98}.Release|ARM64.Build.0 = Release|Any CPU
		{D54C6A9E-3208-BCB9-91CB-83BA63C0AE98}.Release|x64.ActiveCfg = Release|x64
		{D54C6A9E-3208-BCB9-91CB-83BA63C0AE98}.Release|x86.ActiveCfg = Release|Any CPU
		{D54C6A9E-3208-BCB9-91CB-83BA63C0AE98}.Release|x86.Build.0 = Release|Any CPU
		{F2C0E8F1-F56B-5233-0FFD-8D0D900A610E}.Debug|Any CPU.ActiveCfg = Debug|Any CPU
		{F2C0E8F1-F56B-5233-0FFD-8D0D900A610E}.Debug|Any CPU.Build.0 = Debug|Any CPU
		{F2C0E8F1-F56B-5233-0FFD-8D0D900A610E}.Debug|ARM64.ActiveCfg = Debug|Any CPU
		{F2C0E8F1-F56B-5233-0FFD-8D0D900A610E}.Debug|ARM64.Build.0 = Debug|Any CPU
		{F2C0E8F1-F56B-5233-0FFD-8D0D900A610E}.Debug|x64.ActiveCfg = Debug|Any CPU
		{F2C0E8F1-F56B-5233-0FFD-8D0D900A610E}.Debug|x86.ActiveCfg = Debug|Any CPU
		{F2C0E8F1-F56B-5233-0FFD-8D0D900A610E}.Debug|x86.Build.0 = Debug|Any CPU
		{F2C0E8F1-F56B-5233-0FFD-8D0D900A610E}.Release|Any CPU.ActiveCfg = Release|Any CPU
		{F2C0E8F1-F56B-5233-0FFD-8D0D900A610E}.Release|Any CPU.Build.0 = Release|Any CPU
		{F2C0E8F1-F56B-5233-0FFD-8D0D900A610E}.Release|ARM64.ActiveCfg = Release|Any CPU
		{F2C0E8F1-F56B-5233-0FFD-8D0D900A610E}.Release|ARM64.Build.0 = Release|Any CPU
		{F2C0E8F1-F56B-5233-0FFD-8D0D900A610E}.Release|x64.ActiveCfg = Release|Any CPU
		{F2C0E8F1-F56B-5233-0FFD-8D0D900A610E}.Release|x64.Build.0 = Release|Any CPU
		{F2C0E8F1-F56B-5233-0FFD-8D0D900A610E}.Release|x86.ActiveCfg = Release|Any CPU
		{F2C0E8F1-F56B-5233-0FFD-8D0D900A610E}.Release|x86.Build.0 = Release|Any CPU
		{0EFC0070-C353-5C63-6C02-99AA8C01F88A}.Debug|Any CPU.ActiveCfg = Debug|Any CPU
		{0EFC0070-C353-5C63-6C02-99AA8C01F88A}.Debug|Any CPU.Build.0 = Debug|Any CPU
		{0EFC0070-C353-5C63-6C02-99AA8C01F88A}.Debug|ARM64.ActiveCfg = Debug|Any CPU
		{0EFC0070-C353-5C63-6C02-99AA8C01F88A}.Debug|ARM64.Build.0 = Debug|Any CPU
		{0EFC0070-C353-5C63-6C02-99AA8C01F88A}.Debug|x64.ActiveCfg = Debug|Any CPU
		{0EFC0070-C353-5C63-6C02-99AA8C01F88A}.Debug|x86.ActiveCfg = Debug|Any CPU
		{0EFC0070-C353-5C63-6C02-99AA8C01F88A}.Debug|x86.Build.0 = Debug|Any CPU
		{0EFC0070-C353-5C63-6C02-99AA8C01F88A}.Release|Any CPU.ActiveCfg = Release|Any CPU
		{0EFC0070-C353-5C63-6C02-99AA8C01F88A}.Release|Any CPU.Build.0 = Release|Any CPU
		{0EFC0070-C353-5C63-6C02-99AA8C01F88A}.Release|ARM64.ActiveCfg = Release|Any CPU
		{0EFC0070-C353-5C63-6C02-99AA8C01F88A}.Release|ARM64.Build.0 = Release|Any CPU
		{0EFC0070-C353-5C63-6C02-99AA8C01F88A}.Release|x64.ActiveCfg = Release|Any CPU
		{0EFC0070-C353-5C63-6C02-99AA8C01F88A}.Release|x86.ActiveCfg = Release|Any CPU
		{0EFC0070-C353-5C63-6C02-99AA8C01F88A}.Release|x86.Build.0 = Release|Any CPU
		{88AD6246-6A4D-4F1E-A8D1-139B319CE3BB}.Debug|Any CPU.ActiveCfg = Debug|Any CPU
		{88AD6246-6A4D-4F1E-A8D1-139B319CE3BB}.Debug|Any CPU.Build.0 = Debug|Any CPU
		{88AD6246-6A4D-4F1E-A8D1-139B319CE3BB}.Debug|ARM64.ActiveCfg = Debug|Any CPU
		{88AD6246-6A4D-4F1E-A8D1-139B319CE3BB}.Debug|ARM64.Build.0 = Debug|Any CPU
		{88AD6246-6A4D-4F1E-A8D1-139B319CE3BB}.Debug|x64.ActiveCfg = Debug|x64
		{88AD6246-6A4D-4F1E-A8D1-139B319CE3BB}.Debug|x86.ActiveCfg = Debug|Any CPU
		{88AD6246-6A4D-4F1E-A8D1-139B319CE3BB}.Debug|x86.Build.0 = Debug|Any CPU
		{88AD6246-6A4D-4F1E-A8D1-139B319CE3BB}.Release|Any CPU.ActiveCfg = Release|Any CPU
		{88AD6246-6A4D-4F1E-A8D1-139B319CE3BB}.Release|Any CPU.Build.0 = Release|Any CPU
		{88AD6246-6A4D-4F1E-A8D1-139B319CE3BB}.Release|ARM64.ActiveCfg = Release|Any CPU
		{88AD6246-6A4D-4F1E-A8D1-139B319CE3BB}.Release|ARM64.Build.0 = Release|Any CPU
		{88AD6246-6A4D-4F1E-A8D1-139B319CE3BB}.Release|x64.ActiveCfg = Release|x64
		{88AD6246-6A4D-4F1E-A8D1-139B319CE3BB}.Release|x86.ActiveCfg = Release|Any CPU
		{88AD6246-6A4D-4F1E-A8D1-139B319CE3BB}.Release|x86.Build.0 = Release|Any CPU
		{015657E2-327B-0E73-16C5-EBDFD0CDAE56}.Debug|Any CPU.ActiveCfg = Debug|Any CPU
		{015657E2-327B-0E73-16C5-EBDFD0CDAE56}.Debug|Any CPU.Build.0 = Debug|Any CPU
		{015657E2-327B-0E73-16C5-EBDFD0CDAE56}.Debug|ARM64.ActiveCfg = Debug|Any CPU
		{015657E2-327B-0E73-16C5-EBDFD0CDAE56}.Debug|ARM64.Build.0 = Debug|Any CPU
		{015657E2-327B-0E73-16C5-EBDFD0CDAE56}.Debug|x64.ActiveCfg = Debug|Any CPU
		{015657E2-327B-0E73-16C5-EBDFD0CDAE56}.Debug|x86.ActiveCfg = Debug|Any CPU
		{015657E2-327B-0E73-16C5-EBDFD0CDAE56}.Debug|x86.Build.0 = Debug|Any CPU
		{015657E2-327B-0E73-16C5-EBDFD0CDAE56}.Release|Any CPU.ActiveCfg = Release|Any CPU
		{015657E2-327B-0E73-16C5-EBDFD0CDAE56}.Release|Any CPU.Build.0 = Release|Any CPU
		{015657E2-327B-0E73-16C5-EBDFD0CDAE56}.Release|ARM64.ActiveCfg = Release|Any CPU
		{015657E2-327B-0E73-16C5-EBDFD0CDAE56}.Release|ARM64.Build.0 = Release|Any CPU
		{015657E2-327B-0E73-16C5-EBDFD0CDAE56}.Release|x64.ActiveCfg = Release|Any CPU
		{015657E2-327B-0E73-16C5-EBDFD0CDAE56}.Release|x86.ActiveCfg = Release|Any CPU
		{015657E2-327B-0E73-16C5-EBDFD0CDAE56}.Release|x86.Build.0 = Release|Any CPU
	EndGlobalSection
	GlobalSection(SolutionProperties) = preSolution
		HideSolutionNode = FALSE
	EndGlobalSection
	GlobalSection(ExtensibilityGlobals) = postSolution
		SolutionGuid = {D97438FD-265E-48B7-9DA8-101C1EFE46E3}
	EndGlobalSection
EndGlobal
