
Microsoft Visual Studio Solution File, Format Version 12.00
# Visual Studio Version 17
VisualStudioVersion = 17.5.33209.295
MinimumVisualStudioVersion = 10.0.40219.1
Project("{9A19103F-16F7-4668-BE54-9A1E7A4F7556}") = "KusDepot.Objects", "KusDepot.Objects\KusDepot.Objects.csproj", "{DE0A2139-4352-4561-ADB1-F05822A09227}"
EndProject
Project("{2150E333-8FDC-42A3-9474-1A3956D46DE8}") = "Solution Items", "Solution Items", "{F09752D1-B79A-4BF6-8C41-BCE7D3D7BCFA}"
	ProjectSection(SolutionItems) = preProject
		Directory.Build.props = Directory.Build.props
		Readme.md = Readme.md
	EndProjectSection
EndProject
Project("{9A19103F-16F7-4668-BE54-9A1E7A4F7556}") = "Laboratory", "Laboratory\Laboratory.csproj", "{1D743C8A-542D-4014-AA1B-A0E572BAC63D}"
EndProject
Project("{9A19103F-16F7-4668-BE54-9A1E7A4F7556}") = "KusDepot.ToolService", "KusDepot.ToolService\KusDepot.ToolService.csproj", "{C625EE83-C276-4655-9B32-236C0900DAB2}"
EndProject
Project("{9A19103F-16F7-4668-BE54-9A1E7A4F7556}") = "KusDepot.ToolServiceExam", "KusDepot.ToolServiceExam\KusDepot.ToolServiceExam.csproj", "{874DEBE9-4696-4860-BB3A-BEBF88989442}"
	ProjectSection(ProjectDependencies) = postProject
		{C625EE83-C276-4655-9B32-236C0900DAB2} = {C625EE83-C276-4655-9B32-236C0900DAB2}
	EndProjectSection
EndProject
Project("{9A19103F-16F7-4668-BE54-9A1E7A4F7556}") = "Library", "Library\Library.csproj", "{19EFDC4F-5712-40A2-B517-BA0A1DDFA8B7}"
EndProject
Project("{A07B5EB6-E848-4116-A8D0-A826331D98C6}") = "KusDepot.Data", "KusDepot.Data\KusDepot.Data.sfproj", "{8395D061-19A2-4F31-8D81-C2C5D5759256}"
EndProject
Project("{A07B5EB6-E848-4116-A8D0-A826331D98C6}") = "KusDepot.Act", "KusDepot.Act\KusDepot.Act.sfproj", "{931AA766-7FFB-4BDA-853E-F122EE35B15B}"
EndProject
Project("{9A19103F-16F7-4668-BE54-9A1E7A4F7556}") = "ToolActor", "ToolActor\ToolActor.csproj", "{79EABAE9-81B4-4336-8E14-AEC3334B492B}"
EndProject
Project("{A07B5EB6-E848-4116-A8D0-A826331D98C6}") = "KusDepot.ToolServiceHost", "KusDepot.ToolServiceHost\KusDepot.ToolServiceHost.sfproj", "{0AA978D9-6EE0-415D-A419-8E736372A76E}"
	ProjectSection(ProjectDependencies) = postProject
		{C625EE83-C276-4655-9B32-236C0900DAB2} = {C625EE83-C276-4655-9B32-236C0900DAB2}
	EndProjectSection
EndProject
Project("{9A19103F-16F7-4668-BE54-9A1E7A4F7556}") = "View", "View\View.csproj", "{6014EF67-64C2-4827-AFA1-CB185DF3851B}"
EndProject
Project("{9A19103F-16F7-4668-BE54-9A1E7A4F7556}") = "TempDB", "TempDB\TempDB.csproj", "{8CB7EB78-D19E-4115-B069-0AF589DA576D}"
EndProject
Project("{9A19103F-16F7-4668-BE54-9A1E7A4F7556}") = "Blob", "Blob\Blob.csproj", "{33A96CDD-DCDC-4C83-B7E4-1F99E96BB79E}"
EndProject
Project("{A07B5EB6-E848-4116-A8D0-A826331D98C6}") = "KustoEmulator", "KustoEmulator\KustoEmulator.sfproj", "{B6BCBFEF-63E8-4A16-961D-6828774EF360}"
EndProject
Project("{A07B5EB6-E848-4116-A8D0-A826331D98C6}") = "DaprSidecar", "DaprSidecar\DaprSidecar.sfproj", "{B413B0D6-FCE1-4E3D-82C8-4561354693A0}"
EndProject
Project("{9A19103F-16F7-4668-BE54-9A1E7A4F7556}") = "Native", "Native\Native.csproj", "{003A5FD0-6D6F-4540-A47F-33273D0F2E44}"
EndProject
Project("{00D1A9C2-B5F0-4AF3-8072-F6C62B433612}") = "SQLArk", "SQLArk\SQLArk.sqlproj", "{BFC15F0E-5F1C-44D7-80E8-69A940696DE7}"
EndProject
Project("{9A19103F-16F7-4668-BE54-9A1E7A4F7556}") = "EntitySQLArk", "EntitySQLArk\EntitySQLArk.csproj", "{97D07F45-408D-4378-A280-DDB771F30E85}"
EndProject
Project("{9A19103F-16F7-4668-BE54-9A1E7A4F7556}") = "KusDepot.Exam", "KusDepot.Exam\KusDepot.Exam.csproj", "{52855B71-78AF-4B0C-A671-8843DC076FD2}"
EndProject
Project("{9A19103F-16F7-4668-BE54-9A1E7A4F7556}") = "KusDepot.Exams", "KusDepot.Exams\KusDepot.Exams.csproj", "{1140EF3D-9434-493E-AE17-5E115E5C8381}"
EndProject
Project("{A07B5EB6-E848-4116-A8D0-A826331D98C6}") = "KusDepot.ToolServiceFabric", "KusDepot.ToolServiceFabric\KusDepot.ToolServiceFabric.sfproj", "{D20E6933-A0C9-49C0-BEB3-3BFB37A47E54}"
EndProject
Project("{9A19103F-16F7-4668-BE54-9A1E7A4F7556}") = "ToolFabric", "ToolFabric\ToolFabric.csproj", "{CE7FA774-4AF0-4FF9-BC0A-752F7A66648D}"
EndProject
Project("{9A19103F-16F7-4668-BE54-9A1E7A4F7556}") = "Wasm", "Wasm\Wasm.csproj", "{49B988E4-129E-4B88-A927-46EF71652CA6}"
EndProject
Project("{9A19103F-16F7-4668-BE54-9A1E7A4F7556}") = "WebTool", "WebTool\WebTool.csproj", "{A6E3487B-96E1-4E60-A46A-D528C78A23B2}"
EndProject
Project("{9A19103F-16F7-4668-BE54-9A1E7A4F7556}") = "KusDepot.Mobile", "KusDepot.Mobile\KusDepot.Mobile.csproj", "{91A81674-0CB6-440E-AF0B-A6EF5C6D21AE}"
EndProject
Project("{9A19103F-16F7-4668-BE54-9A1E7A4F7556}") = "Watch", "Watch\Watch.csproj", "{F779C2DF-B928-4559-B6B2-AD59744BC96D}"
EndProject
Project("{9A19103F-16F7-4668-BE54-9A1E7A4F7556}") = "Catalog", "Catalog\Catalog.csproj", "{7E99B740-51A4-4D9E-9CF5-5B6C50E388ED}"
EndProject
Project("{9A19103F-16F7-4668-BE54-9A1E7A4F7556}") = "DataControl", "DataControl\DataControl.csproj", "{65E1FB55-7E36-4566-B1B4-566516906527}"
EndProject
Project("{9A19103F-16F7-4668-BE54-9A1E7A4F7556}") = "Ark", "Ark\Ark.csproj", "{F824067B-76CF-4744-B666-D22C87B3B072}"
EndProject
Project("{9A19103F-16F7-4668-BE54-9A1E7A4F7556}") = "DataConfigs", "DataConfigs\DataConfigs.csproj", "{E441C23E-66FD-4266-943D-7F85F3EE6CEC}"
EndProject
Project("{9A19103F-16F7-4668-BE54-9A1E7A4F7556}") = "Secure", "Secure\Secure.csproj", "{137AE6CA-69B8-43E2-B27C-1C9768E4A639}"
EndProject
Project("{9A19103F-16F7-4668-BE54-9A1E7A4F7556}") = "Universe", "Universe\Universe.csproj", "{7DBE6C60-3889-4E8B-9736-2A05287C6398}"
EndProject
Project("{9A19103F-16F7-4668-BE54-9A1E7A4F7556}") = "CoreCache", "CoreCache\CoreCache.csproj", "{A36DC807-EF10-43C1-B2F8-B72312D83019}"
EndProject
Project("{9A19103F-16F7-4668-BE54-9A1E7A4F7556}") = "Mgmt", "Mgmt\Mgmt.csproj", "{93752183-D414-4011-95A6-7DEDA2B4732A}"
EndProject
Project("{7CF6DF6D-3B04-46F8-A40B-537D21BCA0B4}") = "KusDepot.Docs", "KusDepot.Docs\KusDepot.Docs.shfbproj", "{507558D4-0D0A-4361-98C8-4EF9473DDBC4}"
	ProjectSection(ProjectDependencies) = postProject
		{19EFDC4F-5712-40A2-B517-BA0A1DDFA8B7} = {19EFDC4F-5712-40A2-B517-BA0A1DDFA8B7}
		{DE0A2139-4352-4561-ADB1-F05822A09227} = {DE0A2139-4352-4561-ADB1-F05822A09227}
	EndProjectSection
EndProject
Project("{9A19103F-16F7-4668-BE54-9A1E7A4F7556}") = "CmdletPS", "CmdletPS\CmdletPS.csproj", "{912B69E4-8056-42E8-864A-9F80E60FEB05}"
EndProject
Project("{9A19103F-16F7-4668-BE54-9A1E7A4F7556}") = "Command", "Command\Command.csproj", "{97B48594-4AE7-466C-8AB0-7915D1EAAB93}"
EndProject
Project("{8BC9CEB8-8B4A-11D0-8D11-00A0C91BC942}") = "Labnativemix", "Labnativemix\Labnativemix.vcxproj", "{6D3B44DE-90D7-4329-82B3-392E0923B6FC}"
	ProjectSection(ProjectDependencies) = postProject
		{B545FCFB-D973-4A21-A8D4-9937F2FF8F23} = {B545FCFB-D973-4A21-A8D4-9937F2FF8F23}
	EndProjectSection
EndProject
Project("{8BC9CEB8-8B4A-11D0-8D11-00A0C91BC942}") = "ToolMixer", "ToolMixer\ToolMixer.vcxproj", "{B545FCFB-D973-4A21-A8D4-9937F2FF8F23}"
EndProject
Global
	GlobalSection(SolutionConfigurationPlatforms) = preSolution
		Debug|Any CPU = Debug|Any CPU
		Debug|x64 = Debug|x64
		Debug|x86 = Debug|x86
		Release|Any CPU = Release|Any CPU
		Release|x64 = Release|x64
		Release|x86 = Release|x86
	EndGlobalSection
	GlobalSection(ProjectConfigurationPlatforms) = postSolution
		{DE0A2139-4352-4561-ADB1-F05822A09227}.Debug|Any CPU.ActiveCfg = Debug|Any CPU
		{DE0A2139-4352-4561-ADB1-F05822A09227}.Debug|Any CPU.Build.0 = Debug|Any CPU
		{DE0A2139-4352-4561-ADB1-F05822A09227}.Debug|x64.ActiveCfg = Debug|Any CPU
		{DE0A2139-4352-4561-ADB1-F05822A09227}.Debug|x86.ActiveCfg = Debug|Any CPU
		{DE0A2139-4352-4561-ADB1-F05822A09227}.Debug|x86.Build.0 = Debug|Any CPU
		{DE0A2139-4352-4561-ADB1-F05822A09227}.Release|Any CPU.ActiveCfg = Release|Any CPU
		{DE0A2139-4352-4561-ADB1-F05822A09227}.Release|Any CPU.Build.0 = Release|Any CPU
		{DE0A2139-4352-4561-ADB1-F05822A09227}.Release|x64.ActiveCfg = Release|Any CPU
		{DE0A2139-4352-4561-ADB1-F05822A09227}.Release|x64.Build.0 = Release|Any CPU
		{DE0A2139-4352-4561-ADB1-F05822A09227}.Release|x86.ActiveCfg = Release|Any CPU
		{DE0A2139-4352-4561-ADB1-F05822A09227}.Release|x86.Build.0 = Release|Any CPU
		{1D743C8A-542D-4014-AA1B-A0E572BAC63D}.Debug|Any CPU.ActiveCfg = Debug|Any CPU
		{1D743C8A-542D-4014-AA1B-A0E572BAC63D}.Debug|Any CPU.Build.0 = Debug|Any CPU
		{1D743C8A-542D-4014-AA1B-A0E572BAC63D}.Debug|x64.ActiveCfg = Debug|x64
		{1D743C8A-542D-4014-AA1B-A0E572BAC63D}.Debug|x86.ActiveCfg = Debug|Any CPU
		{1D743C8A-542D-4014-AA1B-A0E572BAC63D}.Debug|x86.Build.0 = Debug|Any CPU
		{1D743C8A-542D-4014-AA1B-A0E572BAC63D}.Release|Any CPU.ActiveCfg = Release|x64
		{1D743C8A-542D-4014-AA1B-A0E572BAC63D}.Release|x64.ActiveCfg = Debug|x64
		{1D743C8A-542D-4014-AA1B-A0E572BAC63D}.Release|x64.Build.0 = Debug|x64
		{1D743C8A-542D-4014-AA1B-A0E572BAC63D}.Release|x86.ActiveCfg = Release|Any CPU
		{1D743C8A-542D-4014-AA1B-A0E572BAC63D}.Release|x86.Build.0 = Release|Any CPU
		{C625EE83-C276-4655-9B32-236C0900DAB2}.Debug|Any CPU.ActiveCfg = Debug|Any CPU
		{C625EE83-C276-4655-9B32-236C0900DAB2}.Debug|Any CPU.Build.0 = Debug|Any CPU
		{C625EE83-C276-4655-9B32-236C0900DAB2}.Debug|x64.ActiveCfg = Debug|x64
		{C625EE83-C276-4655-9B32-236C0900DAB2}.Debug|x86.ActiveCfg = Debug|Any CPU
		{C625EE83-C276-4655-9B32-236C0900DAB2}.Debug|x86.Build.0 = Debug|Any CPU
		{C625EE83-C276-4655-9B32-236C0900DAB2}.Release|Any CPU.ActiveCfg = Release|Any CPU
		{C625EE83-C276-4655-9B32-236C0900DAB2}.Release|Any CPU.Build.0 = Release|Any CPU
		{C625EE83-C276-4655-9B32-236C0900DAB2}.Release|x64.ActiveCfg = Release|x64
		{C625EE83-C276-4655-9B32-236C0900DAB2}.Release|x64.Build.0 = Release|x64
		{C625EE83-C276-4655-9B32-236C0900DAB2}.Release|x86.ActiveCfg = Release|Any CPU
		{C625EE83-C276-4655-9B32-236C0900DAB2}.Release|x86.Build.0 = Release|Any CPU
		{874DEBE9-4696-4860-BB3A-BEBF88989442}.Debug|Any CPU.ActiveCfg = Debug|Any CPU
		{874DEBE9-4696-4860-BB3A-BEBF88989442}.Debug|Any CPU.Build.0 = Debug|Any CPU
		{874DEBE9-4696-4860-BB3A-BEBF88989442}.Debug|x64.ActiveCfg = Debug|x64
		{874DEBE9-4696-4860-BB3A-BEBF88989442}.Debug|x86.ActiveCfg = Debug|Any CPU
		{874DEBE9-4696-4860-BB3A-BEBF88989442}.Debug|x86.Build.0 = Debug|Any CPU
		{874DEBE9-4696-4860-BB3A-BEBF88989442}.Release|Any CPU.ActiveCfg = Release|Any CPU
		{874DEBE9-4696-4860-BB3A-BEBF88989442}.Release|x64.ActiveCfg = Release|x64
		{874DEBE9-4696-4860-BB3A-BEBF88989442}.Release|x64.Build.0 = Release|x64
		{874DEBE9-4696-4860-BB3A-BEBF88989442}.Release|x86.ActiveCfg = Release|Any CPU
		{874DEBE9-4696-4860-BB3A-BEBF88989442}.Release|x86.Build.0 = Release|Any CPU
		{19EFDC4F-5712-40A2-B517-BA0A1DDFA8B7}.Debug|Any CPU.ActiveCfg = Debug|Any CPU
		{19EFDC4F-5712-40A2-B517-BA0A1DDFA8B7}.Debug|Any CPU.Build.0 = Debug|Any CPU
		{19EFDC4F-5712-40A2-B517-BA0A1DDFA8B7}.Debug|x64.ActiveCfg = Debug|Any CPU
		{19EFDC4F-5712-40A2-B517-BA0A1DDFA8B7}.Debug|x86.ActiveCfg = Debug|Any CPU
		{19EFDC4F-5712-40A2-B517-BA0A1DDFA8B7}.Debug|x86.Build.0 = Debug|Any CPU
		{19EFDC4F-5712-40A2-B517-BA0A1DDFA8B7}.Release|Any CPU.ActiveCfg = Release|Any CPU
		{19EFDC4F-5712-40A2-B517-BA0A1DDFA8B7}.Release|x64.ActiveCfg = Release|Any CPU
		{19EFDC4F-5712-40A2-B517-BA0A1DDFA8B7}.Release|x64.Build.0 = Release|Any CPU
		{19EFDC4F-5712-40A2-B517-BA0A1DDFA8B7}.Release|x86.ActiveCfg = Release|Any CPU
		{19EFDC4F-5712-40A2-B517-BA0A1DDFA8B7}.Release|x86.Build.0 = Release|Any CPU
		{8395D061-19A2-4F31-8D81-C2C5D5759256}.Debug|Any CPU.ActiveCfg = Debug|x64
		{8395D061-19A2-4F31-8D81-C2C5D5759256}.Debug|Any CPU.Build.0 = Debug|x64
		{8395D061-19A2-4F31-8D81-C2C5D5759256}.Debug|Any CPU.Deploy.0 = Debug|x64
		{8395D061-19A2-4F31-8D81-C2C5D5759256}.Debug|x64.ActiveCfg = Debug|x64
		{8395D061-19A2-4F31-8D81-C2C5D5759256}.Debug|x86.ActiveCfg = Debug|x64
		{8395D061-19A2-4F31-8D81-C2C5D5759256}.Debug|x86.Build.0 = Debug|x64
		{8395D061-19A2-4F31-8D81-C2C5D5759256}.Debug|x86.Deploy.0 = Debug|x64
		{8395D061-19A2-4F31-8D81-C2C5D5759256}.Release|Any CPU.ActiveCfg = Release|x64
		{8395D061-19A2-4F31-8D81-C2C5D5759256}.Release|Any CPU.Build.0 = Release|x64
		{8395D061-19A2-4F31-8D81-C2C5D5759256}.Release|x64.ActiveCfg = Release|x64
		{8395D061-19A2-4F31-8D81-C2C5D5759256}.Release|x64.Build.0 = Release|x64
		{8395D061-19A2-4F31-8D81-C2C5D5759256}.Release|x86.ActiveCfg = Release|x64
		{8395D061-19A2-4F31-8D81-C2C5D5759256}.Release|x86.Build.0 = Release|x64
		{8395D061-19A2-4F31-8D81-C2C5D5759256}.Release|x86.Deploy.0 = Release|x64
		{931AA766-7FFB-4BDA-853E-F122EE35B15B}.Debug|Any CPU.ActiveCfg = Debug|x64
		{931AA766-7FFB-4BDA-853E-F122EE35B15B}.Debug|Any CPU.Build.0 = Debug|x64
		{931AA766-7FFB-4BDA-853E-F122EE35B15B}.Debug|Any CPU.Deploy.0 = Debug|x64
		{931AA766-7FFB-4BDA-853E-F122EE35B15B}.Debug|x64.ActiveCfg = Debug|x64
		{931AA766-7FFB-4BDA-853E-F122EE35B15B}.Debug|x86.ActiveCfg = Debug|x64
		{931AA766-7FFB-4BDA-853E-F122EE35B15B}.Debug|x86.Build.0 = Debug|x64
		{931AA766-7FFB-4BDA-853E-F122EE35B15B}.Debug|x86.Deploy.0 = Debug|x64
		{931AA766-7FFB-4BDA-853E-F122EE35B15B}.Release|Any CPU.ActiveCfg = Release|x64
		{931AA766-7FFB-4BDA-853E-F122EE35B15B}.Release|Any CPU.Build.0 = Release|x64
		{931AA766-7FFB-4BDA-853E-F122EE35B15B}.Release|x64.ActiveCfg = Release|x64
		{931AA766-7FFB-4BDA-853E-F122EE35B15B}.Release|x64.Build.0 = Release|x64
		{931AA766-7FFB-4BDA-853E-F122EE35B15B}.Release|x86.ActiveCfg = Release|x64
		{931AA766-7FFB-4BDA-853E-F122EE35B15B}.Release|x86.Build.0 = Release|x64
		{931AA766-7FFB-4BDA-853E-F122EE35B15B}.Release|x86.Deploy.0 = Release|x64
		{79EABAE9-81B4-4336-8E14-AEC3334B492B}.Debug|Any CPU.ActiveCfg = Debug|Any CPU
		{79EABAE9-81B4-4336-8E14-AEC3334B492B}.Debug|Any CPU.Build.0 = Debug|Any CPU
		{79EABAE9-81B4-4336-8E14-AEC3334B492B}.Debug|x64.ActiveCfg = Debug|x64
		{79EABAE9-81B4-4336-8E14-AEC3334B492B}.Debug|x86.ActiveCfg = Debug|Any CPU
		{79EABAE9-81B4-4336-8E14-AEC3334B492B}.Debug|x86.Build.0 = Debug|Any CPU
		{79EABAE9-81B4-4336-8E14-AEC3334B492B}.Release|Any CPU.ActiveCfg = Release|Any CPU
		{79EABAE9-81B4-4336-8E14-AEC3334B492B}.Release|x64.ActiveCfg = Release|x64
		{79EABAE9-81B4-4336-8E14-AEC3334B492B}.Release|x64.Build.0 = Release|x64
		{79EABAE9-81B4-4336-8E14-AEC3334B492B}.Release|x86.ActiveCfg = Release|Any CPU
		{79EABAE9-81B4-4336-8E14-AEC3334B492B}.Release|x86.Build.0 = Release|Any CPU
		{0AA978D9-6EE0-415D-A419-8E736372A76E}.Debug|Any CPU.ActiveCfg = Debug|x64
		{0AA978D9-6EE0-415D-A419-8E736372A76E}.Debug|Any CPU.Build.0 = Debug|x64
		{0AA978D9-6EE0-415D-A419-8E736372A76E}.Debug|Any CPU.Deploy.0 = Debug|x64
		{0AA978D9-6EE0-415D-A419-8E736372A76E}.Debug|x64.ActiveCfg = Debug|x64
		{0AA978D9-6EE0-415D-A419-8E736372A76E}.Debug|x86.ActiveCfg = Debug|x64
		{0AA978D9-6EE0-415D-A419-8E736372A76E}.Debug|x86.Build.0 = Debug|x64
		{0AA978D9-6EE0-415D-A419-8E736372A76E}.Debug|x86.Deploy.0 = Debug|x64
		{0AA978D9-6EE0-415D-A419-8E736372A76E}.Release|Any CPU.ActiveCfg = Release|x64
		{0AA978D9-6EE0-415D-A419-8E736372A76E}.Release|x64.ActiveCfg = Release|x64
		{0AA978D9-6EE0-415D-A419-8E736372A76E}.Release|x64.Build.0 = Release|x64
		{0AA978D9-6EE0-415D-A419-8E736372A76E}.Release|x86.ActiveCfg = Release|x64
		{0AA978D9-6EE0-415D-A419-8E736372A76E}.Release|x86.Build.0 = Release|x64
		{0AA978D9-6EE0-415D-A419-8E736372A76E}.Release|x86.Deploy.0 = Release|x64
		{6014EF67-64C2-4827-AFA1-CB185DF3851B}.Debug|Any CPU.ActiveCfg = Debug|Any CPU
		{6014EF67-64C2-4827-AFA1-CB185DF3851B}.Debug|Any CPU.Build.0 = Debug|Any CPU
		{6014EF67-64C2-4827-AFA1-CB185DF3851B}.Debug|x64.ActiveCfg = Debug|Any CPU
		{6014EF67-64C2-4827-AFA1-CB185DF3851B}.Debug|x86.ActiveCfg = Debug|Any CPU
		{6014EF67-64C2-4827-AFA1-CB185DF3851B}.Debug|x86.Build.0 = Debug|Any CPU
		{6014EF67-64C2-4827-AFA1-CB185DF3851B}.Release|Any CPU.ActiveCfg = Release|Any CPU
		{6014EF67-64C2-4827-AFA1-CB185DF3851B}.Release|x64.ActiveCfg = Release|x64
		{6014EF67-64C2-4827-AFA1-CB185DF3851B}.Release|x64.Build.0 = Release|x64
		{6014EF67-64C2-4827-AFA1-CB185DF3851B}.Release|x86.ActiveCfg = Release|Any CPU
		{6014EF67-64C2-4827-AFA1-CB185DF3851B}.Release|x86.Build.0 = Release|Any CPU
		{8CB7EB78-D19E-4115-B069-0AF589DA576D}.Debug|Any CPU.ActiveCfg = Debug|Any CPU
		{8CB7EB78-D19E-4115-B069-0AF589DA576D}.Debug|Any CPU.Build.0 = Debug|Any CPU
		{8CB7EB78-D19E-4115-B069-0AF589DA576D}.Debug|x64.ActiveCfg = Debug|x64
		{8CB7EB78-D19E-4115-B069-0AF589DA576D}.Debug|x86.ActiveCfg = Debug|Any CPU
		{8CB7EB78-D19E-4115-B069-0AF589DA576D}.Debug|x86.Build.0 = Debug|Any CPU
		{8CB7EB78-D19E-4115-B069-0AF589DA576D}.Release|Any CPU.ActiveCfg = Release|Any CPU
		{8CB7EB78-D19E-4115-B069-0AF589DA576D}.Release|x64.ActiveCfg = Release|x64
		{8CB7EB78-D19E-4115-B069-0AF589DA576D}.Release|x64.Build.0 = Release|x64
		{8CB7EB78-D19E-4115-B069-0AF589DA576D}.Release|x86.ActiveCfg = Release|Any CPU
		{8CB7EB78-D19E-4115-B069-0AF589DA576D}.Release|x86.Build.0 = Release|Any CPU
		{33A96CDD-DCDC-4C83-B7E4-1F99E96BB79E}.Debug|Any CPU.ActiveCfg = Debug|Any CPU
		{33A96CDD-DCDC-4C83-B7E4-1F99E96BB79E}.Debug|Any CPU.Build.0 = Debug|Any CPU
		{33A96CDD-DCDC-4C83-B7E4-1F99E96BB79E}.Debug|x64.ActiveCfg = Debug|x64
		{33A96CDD-DCDC-4C83-B7E4-1F99E96BB79E}.Debug|x86.ActiveCfg = Debug|Any CPU
		{33A96CDD-DCDC-4C83-B7E4-1F99E96BB79E}.Debug|x86.Build.0 = Debug|Any CPU
		{33A96CDD-DCDC-4C83-B7E4-1F99E96BB79E}.Release|Any CPU.ActiveCfg = Release|Any CPU
		{33A96CDD-DCDC-4C83-B7E4-1F99E96BB79E}.Release|Any CPU.Build.0 = Release|Any CPU
		{33A96CDD-DCDC-4C83-B7E4-1F99E96BB79E}.Release|x64.ActiveCfg = Release|x64
		{33A96CDD-DCDC-4C83-B7E4-1F99E96BB79E}.Release|x64.Build.0 = Release|x64
		{33A96CDD-DCDC-4C83-B7E4-1F99E96BB79E}.Release|x86.ActiveCfg = Release|Any CPU
		{33A96CDD-DCDC-4C83-B7E4-1F99E96BB79E}.Release|x86.Build.0 = Release|Any CPU
		{B6BCBFEF-63E8-4A16-961D-6828774EF360}.Debug|Any CPU.ActiveCfg = Debug|x64
		{B6BCBFEF-63E8-4A16-961D-6828774EF360}.Debug|Any CPU.Build.0 = Debug|x64
		{B6BCBFEF-63E8-4A16-961D-6828774EF360}.Debug|Any CPU.Deploy.0 = Debug|x64
		{B6BCBFEF-63E8-4A16-961D-6828774EF360}.Debug|x64.ActiveCfg = Debug|x64
		{B6BCBFEF-63E8-4A16-961D-6828774EF360}.Debug|x86.ActiveCfg = Debug|x64
		{B6BCBFEF-63E8-4A16-961D-6828774EF360}.Debug|x86.Build.0 = Debug|x64
		{B6BCBFEF-63E8-4A16-961D-6828774EF360}.Debug|x86.Deploy.0 = Debug|x64
		{B6BCBFEF-63E8-4A16-961D-6828774EF360}.Release|Any CPU.ActiveCfg = Release|x64
		{B6BCBFEF-63E8-4A16-961D-6828774EF360}.Release|Any CPU.Build.0 = Release|x64
		{B6BCBFEF-63E8-4A16-961D-6828774EF360}.Release|Any CPU.Deploy.0 = Release|x64
		{B6BCBFEF-63E8-4A16-961D-6828774EF360}.Release|x64.ActiveCfg = Release|x64
		{B6BCBFEF-63E8-4A16-961D-6828774EF360}.Release|x64.Build.0 = Release|x64
		{B6BCBFEF-63E8-4A16-961D-6828774EF360}.Release|x86.ActiveCfg = Release|x64
		{B6BCBFEF-63E8-4A16-961D-6828774EF360}.Release|x86.Build.0 = Release|x64
		{B6BCBFEF-63E8-4A16-961D-6828774EF360}.Release|x86.Deploy.0 = Release|x64
		{B413B0D6-FCE1-4E3D-82C8-4561354693A0}.Debug|Any CPU.ActiveCfg = Debug|x64
		{B413B0D6-FCE1-4E3D-82C8-4561354693A0}.Debug|Any CPU.Build.0 = Debug|x64
		{B413B0D6-FCE1-4E3D-82C8-4561354693A0}.Debug|Any CPU.Deploy.0 = Debug|x64
		{B413B0D6-FCE1-4E3D-82C8-4561354693A0}.Debug|x64.ActiveCfg = Debug|x64
		{B413B0D6-FCE1-4E3D-82C8-4561354693A0}.Debug|x86.ActiveCfg = Debug|x64
		{B413B0D6-FCE1-4E3D-82C8-4561354693A0}.Debug|x86.Build.0 = Debug|x64
		{B413B0D6-FCE1-4E3D-82C8-4561354693A0}.Debug|x86.Deploy.0 = Debug|x64
		{B413B0D6-FCE1-4E3D-82C8-4561354693A0}.Release|Any CPU.ActiveCfg = Release|x64
		{B413B0D6-FCE1-4E3D-82C8-4561354693A0}.Release|Any CPU.Build.0 = Release|x64
		{B413B0D6-FCE1-4E3D-82C8-4561354693A0}.Release|Any CPU.Deploy.0 = Release|x64
		{B413B0D6-FCE1-4E3D-82C8-4561354693A0}.Release|x64.ActiveCfg = Release|x64
		{B413B0D6-FCE1-4E3D-82C8-4561354693A0}.Release|x64.Build.0 = Release|x64
		{B413B0D6-FCE1-4E3D-82C8-4561354693A0}.Release|x86.ActiveCfg = Release|x64
		{B413B0D6-FCE1-4E3D-82C8-4561354693A0}.Release|x86.Build.0 = Release|x64
		{B413B0D6-FCE1-4E3D-82C8-4561354693A0}.Release|x86.Deploy.0 = Release|x64
		{003A5FD0-6D6F-4540-A47F-33273D0F2E44}.Debug|Any CPU.ActiveCfg = Debug|Any CPU
		{003A5FD0-6D6F-4540-A47F-33273D0F2E44}.Debug|Any CPU.Build.0 = Debug|Any CPU
		{003A5FD0-6D6F-4540-A47F-33273D0F2E44}.Debug|x64.ActiveCfg = Debug|Any CPU
		{003A5FD0-6D6F-4540-A47F-33273D0F2E44}.Debug|x86.ActiveCfg = Debug|Any CPU
		{003A5FD0-6D6F-4540-A47F-33273D0F2E44}.Debug|x86.Build.0 = Debug|Any CPU
		{003A5FD0-6D6F-4540-A47F-33273D0F2E44}.Release|Any CPU.ActiveCfg = Release|Any CPU
		{003A5FD0-6D6F-4540-A47F-33273D0F2E44}.Release|Any CPU.Build.0 = Release|Any CPU
		{003A5FD0-6D6F-4540-A47F-33273D0F2E44}.Release|x64.ActiveCfg = Release|Any CPU
		{003A5FD0-6D6F-4540-A47F-33273D0F2E44}.Release|x64.Build.0 = Release|Any CPU
		{003A5FD0-6D6F-4540-A47F-33273D0F2E44}.Release|x86.ActiveCfg = Release|Any CPU
		{003A5FD0-6D6F-4540-A47F-33273D0F2E44}.Release|x86.Build.0 = Release|Any CPU
		{BFC15F0E-5F1C-44D7-80E8-69A940696DE7}.Debug|Any CPU.ActiveCfg = Debug|Any CPU
		{BFC15F0E-5F1C-44D7-80E8-69A940696DE7}.Debug|Any CPU.Build.0 = Debug|Any CPU
		{BFC15F0E-5F1C-44D7-80E8-69A940696DE7}.Debug|Any CPU.Deploy.0 = Debug|Any CPU
		{BFC15F0E-5F1C-44D7-80E8-69A940696DE7}.Debug|x64.ActiveCfg = Debug|Any CPU
		{BFC15F0E-5F1C-44D7-80E8-69A940696DE7}.Debug|x64.Deploy.0 = Debug|Any CPU
		{BFC15F0E-5F1C-44D7-80E8-69A940696DE7}.Debug|x86.ActiveCfg = Debug|Any CPU
		{BFC15F0E-5F1C-44D7-80E8-69A940696DE7}.Debug|x86.Build.0 = Debug|Any CPU
		{BFC15F0E-5F1C-44D7-80E8-69A940696DE7}.Debug|x86.Deploy.0 = Debug|Any CPU
		{BFC15F0E-5F1C-44D7-80E8-69A940696DE7}.Release|Any CPU.ActiveCfg = Release|Any CPU
		{BFC15F0E-5F1C-44D7-80E8-69A940696DE7}.Release|Any CPU.Build.0 = Release|Any CPU
		{BFC15F0E-5F1C-44D7-80E8-69A940696DE7}.Release|Any CPU.Deploy.0 = Release|Any CPU
		{BFC15F0E-5F1C-44D7-80E8-69A940696DE7}.Release|x64.ActiveCfg = Release|x64
		{BFC15F0E-5F1C-44D7-80E8-69A940696DE7}.Release|x64.Build.0 = Release|x64
		{BFC15F0E-5F1C-44D7-80E8-69A940696DE7}.Release|x86.ActiveCfg = Release|Any CPU
		{BFC15F0E-5F1C-44D7-80E8-69A940696DE7}.Release|x86.Build.0 = Release|Any CPU
		{BFC15F0E-5F1C-44D7-80E8-69A940696DE7}.Release|x86.Deploy.0 = Release|Any CPU
		{97D07F45-408D-4378-A280-DDB771F30E85}.Debug|Any CPU.ActiveCfg = Debug|Any CPU
		{97D07F45-408D-4378-A280-DDB771F30E85}.Debug|Any CPU.Build.0 = Debug|Any CPU
		{97D07F45-408D-4378-A280-DDB771F30E85}.Debug|x64.ActiveCfg = Debug|x64
		{97D07F45-408D-4378-A280-DDB771F30E85}.Debug|x86.ActiveCfg = Debug|Any CPU
		{97D07F45-408D-4378-A280-DDB771F30E85}.Debug|x86.Build.0 = Debug|Any CPU
		{97D07F45-408D-4378-A280-DDB771F30E85}.Release|Any CPU.ActiveCfg = Release|Any CPU
		{97D07F45-408D-4378-A280-DDB771F30E85}.Release|Any CPU.Build.0 = Release|Any CPU
		{97D07F45-408D-4378-A280-DDB771F30E85}.Release|x64.ActiveCfg = Release|x64
		{97D07F45-408D-4378-A280-DDB771F30E85}.Release|x64.Build.0 = Release|x64
		{97D07F45-408D-4378-A280-DDB771F30E85}.Release|x86.ActiveCfg = Release|Any CPU
		{97D07F45-408D-4378-A280-DDB771F30E85}.Release|x86.Build.0 = Release|Any CPU
		{52855B71-78AF-4B0C-A671-8843DC076FD2}.Debug|Any CPU.ActiveCfg = Debug|Any CPU
		{52855B71-78AF-4B0C-A671-8843DC076FD2}.Debug|Any CPU.Build.0 = Debug|Any CPU
		{52855B71-78AF-4B0C-A671-8843DC076FD2}.Debug|x64.ActiveCfg = Debug|x64
		{52855B71-78AF-4B0C-A671-8843DC076FD2}.Debug|x86.ActiveCfg = Debug|Any CPU
		{52855B71-78AF-4B0C-A671-8843DC076FD2}.Debug|x86.Build.0 = Debug|Any CPU
		{52855B71-78AF-4B0C-A671-8843DC076FD2}.Release|Any CPU.ActiveCfg = Release|Any CPU
		{52855B71-78AF-4B0C-A671-8843DC076FD2}.Release|Any CPU.Build.0 = Release|Any CPU
		{52855B71-78AF-4B0C-A671-8843DC076FD2}.Release|x64.ActiveCfg = Release|x64
		{52855B71-78AF-4B0C-A671-8843DC076FD2}.Release|x64.Build.0 = Release|x64
		{52855B71-78AF-4B0C-A671-8843DC076FD2}.Release|x86.ActiveCfg = Release|Any CPU
		{52855B71-78AF-4B0C-A671-8843DC076FD2}.Release|x86.Build.0 = Release|Any CPU
		{1140EF3D-9434-493E-AE17-5E115E5C8381}.Debug|Any CPU.ActiveCfg = Debug|Any CPU
		{1140EF3D-9434-493E-AE17-5E115E5C8381}.Debug|Any CPU.Build.0 = Debug|Any CPU
		{1140EF3D-9434-493E-AE17-5E115E5C8381}.Debug|x64.ActiveCfg = Debug|x64
		{1140EF3D-9434-493E-AE17-5E115E5C8381}.Debug|x86.ActiveCfg = Debug|Any CPU
		{1140EF3D-9434-493E-AE17-5E115E5C8381}.Debug|x86.Build.0 = Debug|Any CPU
		{1140EF3D-9434-493E-AE17-5E115E5C8381}.Release|Any CPU.ActiveCfg = Release|Any CPU
		{1140EF3D-9434-493E-AE17-5E115E5C8381}.Release|Any CPU.Build.0 = Release|Any CPU
		{1140EF3D-9434-493E-AE17-5E115E5C8381}.Release|x64.ActiveCfg = Release|x64
		{1140EF3D-9434-493E-AE17-5E115E5C8381}.Release|x64.Build.0 = Release|x64
		{1140EF3D-9434-493E-AE17-5E115E5C8381}.Release|x86.ActiveCfg = Release|Any CPU
		{1140EF3D-9434-493E-AE17-5E115E5C8381}.Release|x86.Build.0 = Release|Any CPU
		{D20E6933-A0C9-49C0-BEB3-3BFB37A47E54}.Debug|Any CPU.ActiveCfg = Debug|x64
		{D20E6933-A0C9-49C0-BEB3-3BFB37A47E54}.Debug|Any CPU.Build.0 = Debug|x64
		{D20E6933-A0C9-49C0-BEB3-3BFB37A47E54}.Debug|Any CPU.Deploy.0 = Debug|x64
		{D20E6933-A0C9-49C0-BEB3-3BFB37A47E54}.Debug|x64.ActiveCfg = Debug|x64
		{D20E6933-A0C9-49C0-BEB3-3BFB37A47E54}.Debug|x86.ActiveCfg = Debug|x64
		{D20E6933-A0C9-49C0-BEB3-3BFB37A47E54}.Debug|x86.Build.0 = Debug|x64
		{D20E6933-A0C9-49C0-BEB3-3BFB37A47E54}.Debug|x86.Deploy.0 = Debug|x64
		{D20E6933-A0C9-49C0-BEB3-3BFB37A47E54}.Release|Any CPU.ActiveCfg = Release|x64
		{D20E6933-A0C9-49C0-BEB3-3BFB37A47E54}.Release|Any CPU.Build.0 = Release|x64
		{D20E6933-A0C9-49C0-BEB3-3BFB37A47E54}.Release|Any CPU.Deploy.0 = Release|x64
		{D20E6933-A0C9-49C0-BEB3-3BFB37A47E54}.Release|x64.ActiveCfg = Release|x64
		{D20E6933-A0C9-49C0-BEB3-3BFB37A47E54}.Release|x64.Build.0 = Release|x64
		{D20E6933-A0C9-49C0-BEB3-3BFB37A47E54}.Release|x86.ActiveCfg = Release|x64
		{D20E6933-A0C9-49C0-BEB3-3BFB37A47E54}.Release|x86.Build.0 = Release|x64
		{D20E6933-A0C9-49C0-BEB3-3BFB37A47E54}.Release|x86.Deploy.0 = Release|x64
		{CE7FA774-4AF0-4FF9-BC0A-752F7A66648D}.Debug|Any CPU.ActiveCfg = Debug|Any CPU
		{CE7FA774-4AF0-4FF9-BC0A-752F7A66648D}.Debug|Any CPU.Build.0 = Debug|Any CPU
		{CE7FA774-4AF0-4FF9-BC0A-752F7A66648D}.Debug|x64.ActiveCfg = Debug|x64
		{CE7FA774-4AF0-4FF9-BC0A-752F7A66648D}.Debug|x86.ActiveCfg = Debug|Any CPU
		{CE7FA774-4AF0-4FF9-BC0A-752F7A66648D}.Debug|x86.Build.0 = Debug|Any CPU
		{CE7FA774-4AF0-4FF9-BC0A-752F7A66648D}.Release|Any CPU.ActiveCfg = Release|Any CPU
		{CE7FA774-4AF0-4FF9-BC0A-752F7A66648D}.Release|Any CPU.Build.0 = Release|Any CPU
		{CE7FA774-4AF0-4FF9-BC0A-752F7A66648D}.Release|x64.ActiveCfg = Release|x64
		{CE7FA774-4AF0-4FF9-BC0A-752F7A66648D}.Release|x64.Build.0 = Release|x64
		{CE7FA774-4AF0-4FF9-BC0A-752F7A66648D}.Release|x86.ActiveCfg = Release|Any CPU
		{CE7FA774-4AF0-4FF9-BC0A-752F7A66648D}.Release|x86.Build.0 = Release|Any CPU
		{49B988E4-129E-4B88-A927-46EF71652CA6}.Debug|Any CPU.ActiveCfg = Debug|Any CPU
		{49B988E4-129E-4B88-A927-46EF71652CA6}.Debug|Any CPU.Build.0 = Debug|Any CPU
		{49B988E4-129E-4B88-A927-46EF71652CA6}.Debug|x64.ActiveCfg = Debug|Any CPU
		{49B988E4-129E-4B88-A927-46EF71652CA6}.Debug|x86.ActiveCfg = Debug|Any CPU
		{49B988E4-129E-4B88-A927-46EF71652CA6}.Debug|x86.Build.0 = Debug|Any CPU
		{49B988E4-129E-4B88-A927-46EF71652CA6}.Release|Any CPU.ActiveCfg = Release|Any CPU
		{49B988E4-129E-4B88-A927-46EF71652CA6}.Release|Any CPU.Build.0 = Release|Any CPU
		{49B988E4-129E-4B88-A927-46EF71652CA6}.Release|x64.ActiveCfg = Release|Any CPU
		{49B988E4-129E-4B88-A927-46EF71652CA6}.Release|x64.Build.0 = Release|Any CPU
		{49B988E4-129E-4B88-A927-46EF71652CA6}.Release|x86.ActiveCfg = Release|Any CPU
		{49B988E4-129E-4B88-A927-46EF71652CA6}.Release|x86.Build.0 = Release|Any CPU
		{A6E3487B-96E1-4E60-A46A-D528C78A23B2}.Debug|Any CPU.ActiveCfg = Debug|Any CPU
		{A6E3487B-96E1-4E60-A46A-D528C78A23B2}.Debug|Any CPU.Build.0 = Debug|Any CPU
		{A6E3487B-96E1-4E60-A46A-D528C78A23B2}.Debug|x64.ActiveCfg = Debug|x64
		{A6E3487B-96E1-4E60-A46A-D528C78A23B2}.Debug|x86.ActiveCfg = Debug|Any CPU
		{A6E3487B-96E1-4E60-A46A-D528C78A23B2}.Debug|x86.Build.0 = Debug|Any CPU
		{A6E3487B-96E1-4E60-A46A-D528C78A23B2}.Release|Any CPU.ActiveCfg = Release|Any CPU
		{A6E3487B-96E1-4E60-A46A-D528C78A23B2}.Release|Any CPU.Build.0 = Release|Any CPU
		{A6E3487B-96E1-4E60-A46A-D528C78A23B2}.Release|x64.ActiveCfg = Release|x64
		{A6E3487B-96E1-4E60-A46A-D528C78A23B2}.Release|x64.Build.0 = Release|x64
		{A6E3487B-96E1-4E60-A46A-D528C78A23B2}.Release|x86.ActiveCfg = Release|Any CPU
		{A6E3487B-96E1-4E60-A46A-D528C78A23B2}.Release|x86.Build.0 = Release|Any CPU
		{91A81674-0CB6-440E-AF0B-A6EF5C6D21AE}.Debug|Any CPU.ActiveCfg = Debug|Any CPU
		{91A81674-0CB6-440E-AF0B-A6EF5C6D21AE}.Debug|Any CPU.Build.0 = Debug|Any CPU
		{91A81674-0CB6-440E-AF0B-A6EF5C6D21AE}.Debug|x64.ActiveCfg = Debug|Any CPU
		{91A81674-0CB6-440E-AF0B-A6EF5C6D21AE}.Debug|x86.ActiveCfg = Debug|Any CPU
		{91A81674-0CB6-440E-AF0B-A6EF5C6D21AE}.Debug|x86.Build.0 = Debug|Any CPU
		{91A81674-0CB6-440E-AF0B-A6EF5C6D21AE}.Release|Any CPU.ActiveCfg = Release|Any CPU
		{91A81674-0CB6-440E-AF0B-A6EF5C6D21AE}.Release|Any CPU.Build.0 = Release|Any CPU
		{91A81674-0CB6-440E-AF0B-A6EF5C6D21AE}.Release|x64.ActiveCfg = Release|Any CPU
		{91A81674-0CB6-440E-AF0B-A6EF5C6D21AE}.Release|x64.Build.0 = Release|Any CPU
		{91A81674-0CB6-440E-AF0B-A6EF5C6D21AE}.Release|x86.ActiveCfg = Release|Any CPU
		{91A81674-0CB6-440E-AF0B-A6EF5C6D21AE}.Release|x86.Build.0 = Release|Any CPU
		{F779C2DF-B928-4559-B6B2-AD59744BC96D}.Debug|Any CPU.ActiveCfg = Debug|Any CPU
		{F779C2DF-B928-4559-B6B2-AD59744BC96D}.Debug|Any CPU.Build.0 = Debug|Any CPU
		{F779C2DF-B928-4559-B6B2-AD59744BC96D}.Debug|x64.ActiveCfg = Debug|x64
		{F779C2DF-B928-4559-B6B2-AD59744BC96D}.Debug|x86.ActiveCfg = Debug|Any CPU
		{F779C2DF-B928-4559-B6B2-AD59744BC96D}.Debug|x86.Build.0 = Debug|Any CPU
		{F779C2DF-B928-4559-B6B2-AD59744BC96D}.Release|Any CPU.ActiveCfg = Release|Any CPU
		{F779C2DF-B928-4559-B6B2-AD59744BC96D}.Release|Any CPU.Build.0 = Release|Any CPU
		{F779C2DF-B928-4559-B6B2-AD59744BC96D}.Release|x64.ActiveCfg = Release|x64
		{F779C2DF-B928-4559-B6B2-AD59744BC96D}.Release|x64.Build.0 = Release|x64
		{F779C2DF-B928-4559-B6B2-AD59744BC96D}.Release|x86.ActiveCfg = Release|Any CPU
		{F779C2DF-B928-4559-B6B2-AD59744BC96D}.Release|x86.Build.0 = Release|Any CPU
		{7E99B740-51A4-4D9E-9CF5-5B6C50E388ED}.Debug|Any CPU.ActiveCfg = Debug|Any CPU
		{7E99B740-51A4-4D9E-9CF5-5B6C50E388ED}.Debug|Any CPU.Build.0 = Debug|Any CPU
		{7E99B740-51A4-4D9E-9CF5-5B6C50E388ED}.Debug|x64.ActiveCfg = Debug|x64
		{7E99B740-51A4-4D9E-9CF5-5B6C50E388ED}.Debug|x86.ActiveCfg = Debug|Any CPU
		{7E99B740-51A4-4D9E-9CF5-5B6C50E388ED}.Debug|x86.Build.0 = Debug|Any CPU
		{7E99B740-51A4-4D9E-9CF5-5B6C50E388ED}.Release|Any CPU.ActiveCfg = Release|Any CPU
		{7E99B740-51A4-4D9E-9CF5-5B6C50E388ED}.Release|Any CPU.Build.0 = Release|Any CPU
		{7E99B740-51A4-4D9E-9CF5-5B6C50E388ED}.Release|x64.ActiveCfg = Release|x64
		{7E99B740-51A4-4D9E-9CF5-5B6C50E388ED}.Release|x64.Build.0 = Release|x64
		{7E99B740-51A4-4D9E-9CF5-5B6C50E388ED}.Release|x86.ActiveCfg = Release|Any CPU
		{7E99B740-51A4-4D9E-9CF5-5B6C50E388ED}.Release|x86.Build.0 = Release|Any CPU
		{65E1FB55-7E36-4566-B1B4-566516906527}.Debug|Any CPU.ActiveCfg = Debug|Any CPU
		{65E1FB55-7E36-4566-B1B4-566516906527}.Debug|Any CPU.Build.0 = Debug|Any CPU
		{65E1FB55-7E36-4566-B1B4-566516906527}.Debug|x64.ActiveCfg = Debug|x64
		{65E1FB55-7E36-4566-B1B4-566516906527}.Debug|x86.ActiveCfg = Debug|Any CPU
		{65E1FB55-7E36-4566-B1B4-566516906527}.Debug|x86.Build.0 = Debug|Any CPU
		{65E1FB55-7E36-4566-B1B4-566516906527}.Release|Any CPU.ActiveCfg = Release|Any CPU
		{65E1FB55-7E36-4566-B1B4-566516906527}.Release|Any CPU.Build.0 = Release|Any CPU
		{65E1FB55-7E36-4566-B1B4-566516906527}.Release|x64.ActiveCfg = Release|x64
		{65E1FB55-7E36-4566-B1B4-566516906527}.Release|x64.Build.0 = Release|x64
		{65E1FB55-7E36-4566-B1B4-566516906527}.Release|x86.ActiveCfg = Release|Any CPU
		{65E1FB55-7E36-4566-B1B4-566516906527}.Release|x86.Build.0 = Release|Any CPU
		{F824067B-76CF-4744-B666-D22C87B3B072}.Debug|Any CPU.ActiveCfg = Debug|Any CPU
		{F824067B-76CF-4744-B666-D22C87B3B072}.Debug|Any CPU.Build.0 = Debug|Any CPU
		{F824067B-76CF-4744-B666-D22C87B3B072}.Debug|x64.ActiveCfg = Debug|x64
		{F824067B-76CF-4744-B666-D22C87B3B072}.Debug|x86.ActiveCfg = Debug|Any CPU
		{F824067B-76CF-4744-B666-D22C87B3B072}.Debug|x86.Build.0 = Debug|Any CPU
		{F824067B-76CF-4744-B666-D22C87B3B072}.Release|Any CPU.ActiveCfg = Release|Any CPU
		{F824067B-76CF-4744-B666-D22C87B3B072}.Release|Any CPU.Build.0 = Release|Any CPU
		{F824067B-76CF-4744-B666-D22C87B3B072}.Release|x64.ActiveCfg = Release|x64
		{F824067B-76CF-4744-B666-D22C87B3B072}.Release|x64.Build.0 = Release|x64
		{F824067B-76CF-4744-B666-D22C87B3B072}.Release|x86.ActiveCfg = Release|Any CPU
		{F824067B-76CF-4744-B666-D22C87B3B072}.Release|x86.Build.0 = Release|Any CPU
		{E441C23E-66FD-4266-943D-7F85F3EE6CEC}.Debug|Any CPU.ActiveCfg = Debug|Any CPU
		{E441C23E-66FD-4266-943D-7F85F3EE6CEC}.Debug|Any CPU.Build.0 = Debug|Any CPU
		{E441C23E-66FD-4266-943D-7F85F3EE6CEC}.Debug|x64.ActiveCfg = Debug|x64
		{E441C23E-66FD-4266-943D-7F85F3EE6CEC}.Debug|x86.ActiveCfg = Debug|Any CPU
		{E441C23E-66FD-4266-943D-7F85F3EE6CEC}.Debug|x86.Build.0 = Debug|Any CPU
		{E441C23E-66FD-4266-943D-7F85F3EE6CEC}.Release|Any CPU.ActiveCfg = Release|Any CPU
		{E441C23E-66FD-4266-943D-7F85F3EE6CEC}.Release|Any CPU.Build.0 = Release|Any CPU
		{E441C23E-66FD-4266-943D-7F85F3EE6CEC}.Release|x64.ActiveCfg = Release|x64
		{E441C23E-66FD-4266-943D-7F85F3EE6CEC}.Release|x64.Build.0 = Release|x64
		{E441C23E-66FD-4266-943D-7F85F3EE6CEC}.Release|x86.ActiveCfg = Release|Any CPU
		{E441C23E-66FD-4266-943D-7F85F3EE6CEC}.Release|x86.Build.0 = Release|Any CPU
		{137AE6CA-69B8-43E2-B27C-1C9768E4A639}.Debug|Any CPU.ActiveCfg = Debug|Any CPU
		{137AE6CA-69B8-43E2-B27C-1C9768E4A639}.Debug|Any CPU.Build.0 = Debug|Any CPU
		{137AE6CA-69B8-43E2-B27C-1C9768E4A639}.Debug|x64.ActiveCfg = Debug|x64
		{137AE6CA-69B8-43E2-B27C-1C9768E4A639}.Debug|x86.ActiveCfg = Debug|Any CPU
		{137AE6CA-69B8-43E2-B27C-1C9768E4A639}.Debug|x86.Build.0 = Debug|Any CPU
		{137AE6CA-69B8-43E2-B27C-1C9768E4A639}.Release|Any CPU.ActiveCfg = Release|Any CPU
		{137AE6CA-69B8-43E2-B27C-1C9768E4A639}.Release|Any CPU.Build.0 = Release|Any CPU
		{137AE6CA-69B8-43E2-B27C-1C9768E4A639}.Release|x64.ActiveCfg = Release|x64
		{137AE6CA-69B8-43E2-B27C-1C9768E4A639}.Release|x64.Build.0 = Release|x64
		{137AE6CA-69B8-43E2-B27C-1C9768E4A639}.Release|x86.ActiveCfg = Release|Any CPU
		{137AE6CA-69B8-43E2-B27C-1C9768E4A639}.Release|x86.Build.0 = Release|Any CPU
		{7DBE6C60-3889-4E8B-9736-2A05287C6398}.Debug|Any CPU.ActiveCfg = Debug|Any CPU
		{7DBE6C60-3889-4E8B-9736-2A05287C6398}.Debug|Any CPU.Build.0 = Debug|Any CPU
		{7DBE6C60-3889-4E8B-9736-2A05287C6398}.Debug|x64.ActiveCfg = Debug|x64
		{7DBE6C60-3889-4E8B-9736-2A05287C6398}.Debug|x86.ActiveCfg = Debug|Any CPU
		{7DBE6C60-3889-4E8B-9736-2A05287C6398}.Debug|x86.Build.0 = Debug|Any CPU
		{7DBE6C60-3889-4E8B-9736-2A05287C6398}.Release|Any CPU.ActiveCfg = Release|Any CPU
		{7DBE6C60-3889-4E8B-9736-2A05287C6398}.Release|Any CPU.Build.0 = Release|Any CPU
		{7DBE6C60-3889-4E8B-9736-2A05287C6398}.Release|x64.ActiveCfg = Release|x64
		{7DBE6C60-3889-4E8B-9736-2A05287C6398}.Release|x64.Build.0 = Release|x64
		{7DBE6C60-3889-4E8B-9736-2A05287C6398}.Release|x86.ActiveCfg = Release|Any CPU
		{7DBE6C60-3889-4E8B-9736-2A05287C6398}.Release|x86.Build.0 = Release|Any CPU
		{A36DC807-EF10-43C1-B2F8-B72312D83019}.Debug|Any CPU.ActiveCfg = Debug|Any CPU
		{A36DC807-EF10-43C1-B2F8-B72312D83019}.Debug|Any CPU.Build.0 = Debug|Any CPU
		{A36DC807-EF10-43C1-B2F8-B72312D83019}.Debug|x64.ActiveCfg = Debug|x64
		{A36DC807-EF10-43C1-B2F8-B72312D83019}.Debug|x86.ActiveCfg = Debug|Any CPU
		{A36DC807-EF10-43C1-B2F8-B72312D83019}.Debug|x86.Build.0 = Debug|Any CPU
		{A36DC807-EF10-43C1-B2F8-B72312D83019}.Release|Any CPU.ActiveCfg = Release|Any CPU
		{A36DC807-EF10-43C1-B2F8-B72312D83019}.Release|Any CPU.Build.0 = Release|Any CPU
		{A36DC807-EF10-43C1-B2F8-B72312D83019}.Release|x64.ActiveCfg = Release|x64
		{A36DC807-EF10-43C1-B2F8-B72312D83019}.Release|x64.Build.0 = Release|x64
		{A36DC807-EF10-43C1-B2F8-B72312D83019}.Release|x86.ActiveCfg = Release|Any CPU
		{A36DC807-EF10-43C1-B2F8-B72312D83019}.Release|x86.Build.0 = Release|Any CPU
		{93752183-D414-4011-95A6-7DEDA2B4732A}.Debug|Any CPU.ActiveCfg = Debug|Any CPU
		{93752183-D414-4011-95A6-7DEDA2B4732A}.Debug|Any CPU.Build.0 = Debug|Any CPU
		{93752183-D414-4011-95A6-7DEDA2B4732A}.Debug|x64.ActiveCfg = Debug|x64
		{93752183-D414-4011-95A6-7DEDA2B4732A}.Debug|x86.ActiveCfg = Debug|Any CPU
		{93752183-D414-4011-95A6-7DEDA2B4732A}.Debug|x86.Build.0 = Debug|Any CPU
		{93752183-D414-4011-95A6-7DEDA2B4732A}.Release|Any CPU.ActiveCfg = Release|Any CPU
		{93752183-D414-4011-95A6-7DEDA2B4732A}.Release|Any CPU.Build.0 = Release|Any CPU
		{93752183-D414-4011-95A6-7DEDA2B4732A}.Release|x64.ActiveCfg = Release|x64
		{93752183-D414-4011-95A6-7DEDA2B4732A}.Release|x64.Build.0 = Release|x64
		{93752183-D414-4011-95A6-7DEDA2B4732A}.Release|x86.ActiveCfg = Release|Any CPU
		{93752183-D414-4011-95A6-7DEDA2B4732A}.Release|x86.Build.0 = Release|Any CPU
		{507558D4-0D0A-4361-98C8-4EF9473DDBC4}.Debug|Any CPU.ActiveCfg = Debug|Any CPU
		{507558D4-0D0A-4361-98C8-4EF9473DDBC4}.Debug|Any CPU.Build.0 = Debug|Any CPU
		{507558D4-0D0A-4361-98C8-4EF9473DDBC4}.Debug|x64.ActiveCfg = Debug|Any CPU
		{507558D4-0D0A-4361-98C8-4EF9473DDBC4}.Debug|x86.ActiveCfg = Debug|Any CPU
		{507558D4-0D0A-4361-98C8-4EF9473DDBC4}.Debug|x86.Build.0 = Debug|Any CPU
		{507558D4-0D0A-4361-98C8-4EF9473DDBC4}.Release|Any CPU.ActiveCfg = Release|Any CPU
		{507558D4-0D0A-4361-98C8-4EF9473DDBC4}.Release|Any CPU.Build.0 = Release|Any CPU
		{507558D4-0D0A-4361-98C8-4EF9473DDBC4}.Release|x64.ActiveCfg = Release|Any CPU
		{507558D4-0D0A-4361-98C8-4EF9473DDBC4}.Release|x86.ActiveCfg = Release|Any CPU
		{507558D4-0D0A-4361-98C8-4EF9473DDBC4}.Release|x86.Build.0 = Release|Any CPU
		{912B69E4-8056-42E8-864A-9F80E60FEB05}.Debug|Any CPU.ActiveCfg = Debug|Any CPU
		{912B69E4-8056-42E8-864A-9F80E60FEB05}.Debug|Any CPU.Build.0 = Debug|Any CPU
		{912B69E4-8056-42E8-864A-9F80E60FEB05}.Debug|x64.ActiveCfg = Debug|Any CPU
		{912B69E4-8056-42E8-864A-9F80E60FEB05}.Debug|x86.ActiveCfg = Debug|Any CPU
		{912B69E4-8056-42E8-864A-9F80E60FEB05}.Debug|x86.Build.0 = Debug|Any CPU
		{912B69E4-8056-42E8-864A-9F80E60FEB05}.Release|Any CPU.ActiveCfg = Release|Any CPU
		{912B69E4-8056-42E8-864A-9F80E60FEB05}.Release|Any CPU.Build.0 = Release|Any CPU
		{912B69E4-8056-42E8-864A-9F80E60FEB05}.Release|x64.ActiveCfg = Release|Any CPU
		{912B69E4-8056-42E8-864A-9F80E60FEB05}.Release|x64.Build.0 = Release|Any CPU
		{912B69E4-8056-42E8-864A-9F80E60FEB05}.Release|x86.ActiveCfg = Release|Any CPU
		{912B69E4-8056-42E8-864A-9F80E60FEB05}.Release|x86.Build.0 = Release|Any CPU
		{97B48594-4AE7-466C-8AB0-7915D1EAAB93}.Debug|Any CPU.ActiveCfg = Debug|Any CPU
		{97B48594-4AE7-466C-8AB0-7915D1EAAB93}.Debug|Any CPU.Build.0 = Debug|Any CPU
		{97B48594-4AE7-466C-8AB0-7915D1EAAB93}.Debug|x64.ActiveCfg = Debug|Any CPU
		{97B48594-4AE7-466C-8AB0-7915D1EAAB93}.Debug|x86.ActiveCfg = Debug|Any CPU
		{97B48594-4AE7-466C-8AB0-7915D1EAAB93}.Debug|x86.Build.0 = Debug|Any CPU
		{97B48594-4AE7-466C-8AB0-7915D1EAAB93}.Release|Any CPU.ActiveCfg = Release|Any CPU
		{97B48594-4AE7-466C-8AB0-7915D1EAAB93}.Release|Any CPU.Build.0 = Release|Any CPU
		{97B48594-4AE7-466C-8AB0-7915D1EAAB93}.Release|x64.ActiveCfg = Release|Any CPU
		{97B48594-4AE7-466C-8AB0-7915D1EAAB93}.Release|x64.Build.0 = Release|Any CPU
		{97B48594-4AE7-466C-8AB0-7915D1EAAB93}.Release|x86.ActiveCfg = Release|Any CPU
		{97B48594-4AE7-466C-8AB0-7915D1EAAB93}.Release|x86.Build.0 = Release|Any CPU
		{6D3B44DE-90D7-4329-82B3-392E0923B6FC}.Debug|Any CPU.ActiveCfg = Debug|x64
		{6D3B44DE-90D7-4329-82B3-392E0923B6FC}.Debug|Any CPU.Build.0 = Debug|x64
		{6D3B44DE-90D7-4329-82B3-392E0923B6FC}.Debug|x64.ActiveCfg = Debug|x64
		{6D3B44DE-90D7-4329-82B3-392E0923B6FC}.Debug|x86.ActiveCfg = Debug|Win32
		{6D3B44DE-90D7-4329-82B3-392E0923B6FC}.Debug|x86.Build.0 = Debug|Win32
		{6D3B44DE-90D7-4329-82B3-392E0923B6FC}.Release|Any CPU.ActiveCfg = Release|x64
		{6D3B44DE-90D7-4329-82B3-392E0923B6FC}.Release|Any CPU.Build.0 = Release|x64
		{6D3B44DE-90D7-4329-82B3-392E0923B6FC}.Release|x64.ActiveCfg = Release|x64
		{6D3B44DE-90D7-4329-82B3-392E0923B6FC}.Release|x64.Build.0 = Release|x64
		{6D3B44DE-90D7-4329-82B3-392E0923B6FC}.Release|x86.ActiveCfg = Release|Win32
		{6D3B44DE-90D7-4329-82B3-392E0923B6FC}.Release|x86.Build.0 = Release|Win32
		{B545FCFB-D973-4A21-A8D4-9937F2FF8F23}.Debug|Any CPU.ActiveCfg = Debug|x64
		{B545FCFB-D973-4A21-A8D4-9937F2FF8F23}.Debug|Any CPU.Build.0 = Debug|x64
		{B545FCFB-D973-4A21-A8D4-9937F2FF8F23}.Debug|x64.ActiveCfg = Debug|x64
		{B545FCFB-D973-4A21-A8D4-9937F2FF8F23}.Debug|x86.ActiveCfg = Debug|Win32
		{B545FCFB-D973-4A21-A8D4-9937F2FF8F23}.Debug|x86.Build.0 = Debug|Win32
		{B545FCFB-D973-4A21-A8D4-9937F2FF8F23}.Release|Any CPU.ActiveCfg = Release|x64
		{B545FCFB-D973-4A21-A8D4-9937F2FF8F23}.Release|Any CPU.Build.0 = Release|x64
		{B545FCFB-D973-4A21-A8D4-9937F2FF8F23}.Release|x64.ActiveCfg = Release|x64
		{B545FCFB-D973-4A21-A8D4-9937F2FF8F23}.Release|x64.Build.0 = Release|x64
		{B545FCFB-D973-4A21-A8D4-9937F2FF8F23}.Release|x86.ActiveCfg = Release|Win32
		{B545FCFB-D973-4A21-A8D4-9937F2FF8F23}.Release|x86.Build.0 = Release|Win32
	EndGlobalSection
	GlobalSection(SolutionProperties) = preSolution
		HideSolutionNode = FALSE
	EndGlobalSection
	GlobalSection(ExtensibilityGlobals) = postSolution
		SolutionGuid = {D97438FD-265E-48B7-9DA8-101C1EFE46E3}
	EndGlobalSection
EndGlobal
